// !$*UTF8*$!
{
	archiveVersion = 1;
	classes = {
	};
	objectVersion = 50;
	objects = {

/* Begin PBXBuildFile section */
		5E05DBB22607CF030092CE3E /* UIView+Extensions.swift in Sources */ = {isa = PBXBuildFile; fileRef = 5E05DBB12607CF030092CE3E /* UIView+Extensions.swift */; };
		5E13C0CE2606CBB900240E69 /* FeedWordTableViewCell.swift in Sources */ = {isa = PBXBuildFile; fileRef = 5E13C0CB2606CBB900240E69 /* FeedWordTableViewCell.swift */; };
		5E13C0CF2606CBB900240E69 /* FeedWordTableViewCellViewModel.swift in Sources */ = {isa = PBXBuildFile; fileRef = 5E13C0CC2606CBB900240E69 /* FeedWordTableViewCellViewModel.swift */; };
		5E13C0D02606CBB900240E69 /* FeedWordTableViewCellViewModelProtocol.swift in Sources */ = {isa = PBXBuildFile; fileRef = 5E13C0CD2606CBB900240E69 /* FeedWordTableViewCellViewModelProtocol.swift */; };
		5E13C0D52606D74C00240E69 /* CollectionReusableSupplementaryViewConfigurator.swift in Sources */ = {isa = PBXBuildFile; fileRef = 5E13C0D42606D74C00240E69 /* CollectionReusableSupplementaryViewConfigurator.swift */; };
		5E13C0DD2606D82700240E69 /* CollectionReusableSupplementaryViewModelConfigurable.swift in Sources */ = {isa = PBXBuildFile; fileRef = 5E13C0DC2606D82700240E69 /* CollectionReusableSupplementaryViewModelConfigurable.swift */; };
		5E13C0E12606D88600240E69 /* CollectionReusableSupplementaryViewConfigurable.swift in Sources */ = {isa = PBXBuildFile; fileRef = 5E13C0E02606D88600240E69 /* CollectionReusableSupplementaryViewConfigurable.swift */; };
		5E38170D2607B27200C36A82 /* UIFont+Extensions.swift in Sources */ = {isa = PBXBuildFile; fileRef = 5E38170C2607B27200C36A82 /* UIFont+Extensions.swift */; };
		5E3817142607B4F800C36A82 /* UIViewController+Extensions.swift in Sources */ = {isa = PBXBuildFile; fileRef = 5E3817132607B4F800C36A82 /* UIViewController+Extensions.swift */; };
		5E38171D2607B5AB00C36A82 /* SpacingTableViewCell.swift in Sources */ = {isa = PBXBuildFile; fileRef = 5E38171A2607B5AB00C36A82 /* SpacingTableViewCell.swift */; };
		5E38171E2607B5AB00C36A82 /* SpacingTableViewCellViewModel.swift in Sources */ = {isa = PBXBuildFile; fileRef = 5E38171B2607B5AB00C36A82 /* SpacingTableViewCellViewModel.swift */; };
		5E38171F2607B5AB00C36A82 /* SpacingTableViewCellViewModelProtocol.swift in Sources */ = {isa = PBXBuildFile; fileRef = 5E38171C2607B5AB00C36A82 /* SpacingTableViewCellViewModelProtocol.swift */; };
		5E571188260846EC002929BD /* Image.swift in Sources */ = {isa = PBXBuildFile; fileRef = 5E571187260846EC002929BD /* Image.swift */; };
		5E5711BA2608592D002929BD /* UIViewController+Extemsions.swift in Sources */ = {isa = PBXBuildFile; fileRef = 5E5711B92608592D002929BD /* UIViewController+Extemsions.swift */; };
		5E701B222607DBC100C02FCD /* UI.swift in Sources */ = {isa = PBXBuildFile; fileRef = 5E701B212607DBC100C02FCD /* UI.swift */; };
		5E701B262607E77500C02FCD /* KeyboardHandler.swift in Sources */ = {isa = PBXBuildFile; fileRef = 5E701B252607E77500C02FCD /* KeyboardHandler.swift */; };
		5E8533222606532E000658F2 /* UIComponentsSDK.framework in Frameworks */ = {isa = PBXBuildFile; fileRef = 5E8533182606532E000658F2 /* UIComponentsSDK.framework */; };
		5E8533272606532E000658F2 /* UIComponentsSDKTests.swift in Sources */ = {isa = PBXBuildFile; fileRef = 5E8533262606532E000658F2 /* UIComponentsSDKTests.swift */; };
		5E8533292606532E000658F2 /* UIComponentsSDK.h in Headers */ = {isa = PBXBuildFile; fileRef = 5E85331B2606532E000658F2 /* UIComponentsSDK.h */; settings = {ATTRIBUTES = (Public, ); }; };
		5E8534CB26066D01000658F2 /* Configurable.swift in Sources */ = {isa = PBXBuildFile; fileRef = 5E8534CA26066D01000658F2 /* Configurable.swift */; };
		5E8534D226066D45000658F2 /* CollectionViewDataDisplayManager.swift in Sources */ = {isa = PBXBuildFile; fileRef = 5E8534D126066D45000658F2 /* CollectionViewDataDisplayManager.swift */; };
		5E8534D826066D5E000658F2 /* CollectionViewCellConfigurator.swift in Sources */ = {isa = PBXBuildFile; fileRef = 5E8534D726066D5E000658F2 /* CollectionViewCellConfigurator.swift */; };
		5E8534DC26066D89000658F2 /* CollectionViewCellViewModelConfigurable.swift in Sources */ = {isa = PBXBuildFile; fileRef = 5E8534DB26066D89000658F2 /* CollectionViewCellViewModelConfigurable.swift */; };
		5E85350826066F76000658F2 /* TableViewDataDisplayManager.swift in Sources */ = {isa = PBXBuildFile; fileRef = 5E85350726066F76000658F2 /* TableViewDataDisplayManager.swift */; };
		5E85350C26066F8B000658F2 /* TableCellConfigurator.swift in Sources */ = {isa = PBXBuildFile; fileRef = 5E85350B26066F8B000658F2 /* TableCellConfigurator.swift */; };
		5E85351026066FA0000658F2 /* TableViewCellViewModelConfigurable.swift in Sources */ = {isa = PBXBuildFile; fileRef = 5E85350F26066FA0000658F2 /* TableViewCellViewModelConfigurable.swift */; };
		5E85351426066FAF000658F2 /* TableViewCellConfigurable.swift in Sources */ = {isa = PBXBuildFile; fileRef = 5E85351326066FAF000658F2 /* TableViewCellConfigurable.swift */; };
		5E85351C26067024000658F2 /* CollectionViewCellConfigurable.swift in Sources */ = {isa = PBXBuildFile; fileRef = 5E85351B26067024000658F2 /* CollectionViewCellConfigurable.swift */; };
		5E85352D260671D8000658F2 /* UITableView+Extensions.swift in Sources */ = {isa = PBXBuildFile; fileRef = 5E85352C260671D8000658F2 /* UITableView+Extensions.swift */; };
		5E853538260673C5000658F2 /* UICollectionView+Extensions.swift in Sources */ = {isa = PBXBuildFile; fileRef = 5E853537260673C5000658F2 /* UICollectionView+Extensions.swift */; };
		5E85353F26067796000658F2 /* ClassNameProtocol.swift in Sources */ = {isa = PBXBuildFile; fileRef = 5E85353E26067796000658F2 /* ClassNameProtocol.swift */; };
		5E86149A2607979A0083A331 /* TableReusableViewConfigurable.swift in Sources */ = {isa = PBXBuildFile; fileRef = 5E8614992607979A0083A331 /* TableReusableViewConfigurable.swift */; };
		5E86149E260797BF0083A331 /* TableReusableViewModelConfigurable.swift in Sources */ = {isa = PBXBuildFile; fileRef = 5E86149D260797BF0083A331 /* TableReusableViewModelConfigurable.swift */; };
		5E8614A2260797D60083A331 /* TableReusableViewConfigurator.swift in Sources */ = {isa = PBXBuildFile; fileRef = 5E8614A1260797D60083A331 /* TableReusableViewConfigurator.swift */; };
		5E8615012607A6920083A331 /* FeedWordTableReusableViewModelProtocol.swift in Sources */ = {isa = PBXBuildFile; fileRef = 5E8614FE2607A6920083A331 /* FeedWordTableReusableViewModelProtocol.swift */; };
		5E8615022607A6920083A331 /* FeedWordTableReusableView.swift in Sources */ = {isa = PBXBuildFile; fileRef = 5E8614FF2607A6920083A331 /* FeedWordTableReusableView.swift */; };
		5E8615032607A6920083A331 /* FeedWordTableReusableViewModel.swift in Sources */ = {isa = PBXBuildFile; fileRef = 5E8615002607A6920083A331 /* FeedWordTableReusableViewModel.swift */; };
		5EAC9A3F26083F4F00941879 /* Color.swift in Sources */ = {isa = PBXBuildFile; fileRef = 5EAC9A3E26083F4F00941879 /* Color.swift */; };
		5EAC9A442608415400941879 /* ShadowView.swift in Sources */ = {isa = PBXBuildFile; fileRef = 5EAC9A432608415400941879 /* ShadowView.swift */; };
		DA2132BBC52FF12D35623415 /* libPods-UIComponentsSDK.a in Frameworks */ = {isa = PBXBuildFile; fileRef = 170D9A4A214B5576D543AC93 /* libPods-UIComponentsSDK.a */; };
/* End PBXBuildFile section */

/* Begin PBXContainerItemProxy section */
		5E8533232606532E000658F2 /* PBXContainerItemProxy */ = {
			isa = PBXContainerItemProxy;
			containerPortal = 5E85330F2606532E000658F2 /* Project object */;
			proxyType = 1;
			remoteGlobalIDString = 5E8533172606532E000658F2;
			remoteInfo = UIComponentsSDK;
		};
/* End PBXContainerItemProxy section */

/* Begin PBXFileReference section */
		128E2CE6D7C45C831FAC7E4A /* Pods-UIComponentsSDK.debug.xcconfig */ = {isa = PBXFileReference; includeInIndex = 1; lastKnownFileType = text.xcconfig; name = "Pods-UIComponentsSDK.debug.xcconfig"; path = "Target Support Files/Pods-UIComponentsSDK/Pods-UIComponentsSDK.debug.xcconfig"; sourceTree = "<group>"; };
		170D9A4A214B5576D543AC93 /* libPods-UIComponentsSDK.a */ = {isa = PBXFileReference; explicitFileType = archive.ar; includeInIndex = 0; path = "libPods-UIComponentsSDK.a"; sourceTree = BUILT_PRODUCTS_DIR; };
		35C2B9C080DE7E2DD8A8BE6F /* Pods-UIComponentsSDK.release.xcconfig */ = {isa = PBXFileReference; includeInIndex = 1; lastKnownFileType = text.xcconfig; name = "Pods-UIComponentsSDK.release.xcconfig"; path = "Target Support Files/Pods-UIComponentsSDK/Pods-UIComponentsSDK.release.xcconfig"; sourceTree = "<group>"; };
		5E05DBB12607CF030092CE3E /* UIView+Extensions.swift */ = {isa = PBXFileReference; lastKnownFileType = sourcecode.swift; path = "UIView+Extensions.swift"; sourceTree = "<group>"; };
		5E13C0CB2606CBB900240E69 /* FeedWordTableViewCell.swift */ = {isa = PBXFileReference; lastKnownFileType = sourcecode.swift; path = FeedWordTableViewCell.swift; sourceTree = "<group>"; };
		5E13C0CC2606CBB900240E69 /* FeedWordTableViewCellViewModel.swift */ = {isa = PBXFileReference; lastKnownFileType = sourcecode.swift; path = FeedWordTableViewCellViewModel.swift; sourceTree = "<group>"; };
		5E13C0CD2606CBB900240E69 /* FeedWordTableViewCellViewModelProtocol.swift */ = {isa = PBXFileReference; lastKnownFileType = sourcecode.swift; path = FeedWordTableViewCellViewModelProtocol.swift; sourceTree = "<group>"; };
		5E13C0D42606D74C00240E69 /* CollectionReusableSupplementaryViewConfigurator.swift */ = {isa = PBXFileReference; lastKnownFileType = sourcecode.swift; path = CollectionReusableSupplementaryViewConfigurator.swift; sourceTree = "<group>"; };
		5E13C0DC2606D82700240E69 /* CollectionReusableSupplementaryViewModelConfigurable.swift */ = {isa = PBXFileReference; lastKnownFileType = sourcecode.swift; path = CollectionReusableSupplementaryViewModelConfigurable.swift; sourceTree = "<group>"; };
		5E13C0E02606D88600240E69 /* CollectionReusableSupplementaryViewConfigurable.swift */ = {isa = PBXFileReference; lastKnownFileType = sourcecode.swift; path = CollectionReusableSupplementaryViewConfigurable.swift; sourceTree = "<group>"; };
		5E38170C2607B27200C36A82 /* UIFont+Extensions.swift */ = {isa = PBXFileReference; lastKnownFileType = sourcecode.swift; path = "UIFont+Extensions.swift"; sourceTree = "<group>"; };
		5E3817132607B4F800C36A82 /* UIViewController+Extensions.swift */ = {isa = PBXFileReference; lastKnownFileType = sourcecode.swift; path = "UIViewController+Extensions.swift"; sourceTree = "<group>"; };
		5E38171A2607B5AB00C36A82 /* SpacingTableViewCell.swift */ = {isa = PBXFileReference; lastKnownFileType = sourcecode.swift; path = SpacingTableViewCell.swift; sourceTree = "<group>"; };
		5E38171B2607B5AB00C36A82 /* SpacingTableViewCellViewModel.swift */ = {isa = PBXFileReference; lastKnownFileType = sourcecode.swift; path = SpacingTableViewCellViewModel.swift; sourceTree = "<group>"; };
		5E38171C2607B5AB00C36A82 /* SpacingTableViewCellViewModelProtocol.swift */ = {isa = PBXFileReference; lastKnownFileType = sourcecode.swift; path = SpacingTableViewCellViewModelProtocol.swift; sourceTree = "<group>"; };
		5E571187260846EC002929BD /* Image.swift */ = {isa = PBXFileReference; lastKnownFileType = sourcecode.swift; path = Image.swift; sourceTree = "<group>"; };
		5E5711B92608592D002929BD /* UIViewController+Extemsions.swift */ = {isa = PBXFileReference; lastKnownFileType = sourcecode.swift; path = "UIViewController+Extemsions.swift"; sourceTree = "<group>"; };
		5E701B212607DBC100C02FCD /* UI.swift */ = {isa = PBXFileReference; lastKnownFileType = sourcecode.swift; path = UI.swift; sourceTree = "<group>"; };
		5E701B252607E77500C02FCD /* KeyboardHandler.swift */ = {isa = PBXFileReference; lastKnownFileType = sourcecode.swift; path = KeyboardHandler.swift; sourceTree = "<group>"; };
		5E8533182606532E000658F2 /* UIComponentsSDK.framework */ = {isa = PBXFileReference; explicitFileType = wrapper.framework; includeInIndex = 0; path = UIComponentsSDK.framework; sourceTree = BUILT_PRODUCTS_DIR; };
		5E85331B2606532E000658F2 /* UIComponentsSDK.h */ = {isa = PBXFileReference; lastKnownFileType = sourcecode.c.h; path = UIComponentsSDK.h; sourceTree = "<group>"; };
		5E85331C2606532E000658F2 /* Info.plist */ = {isa = PBXFileReference; lastKnownFileType = text.plist.xml; path = Info.plist; sourceTree = "<group>"; };
		5E8533212606532E000658F2 /* UIComponentsSDKTests.xctest */ = {isa = PBXFileReference; explicitFileType = wrapper.cfbundle; includeInIndex = 0; path = UIComponentsSDKTests.xctest; sourceTree = BUILT_PRODUCTS_DIR; };
		5E8533262606532E000658F2 /* UIComponentsSDKTests.swift */ = {isa = PBXFileReference; lastKnownFileType = sourcecode.swift; path = UIComponentsSDKTests.swift; sourceTree = "<group>"; };
		5E8533282606532E000658F2 /* Info.plist */ = {isa = PBXFileReference; lastKnownFileType = text.plist.xml; path = Info.plist; sourceTree = "<group>"; };
		5E8534CA26066D01000658F2 /* Configurable.swift */ = {isa = PBXFileReference; lastKnownFileType = sourcecode.swift; path = Configurable.swift; sourceTree = "<group>"; };
		5E8534D126066D45000658F2 /* CollectionViewDataDisplayManager.swift */ = {isa = PBXFileReference; lastKnownFileType = sourcecode.swift; path = CollectionViewDataDisplayManager.swift; sourceTree = "<group>"; };
		5E8534D726066D5E000658F2 /* CollectionViewCellConfigurator.swift */ = {isa = PBXFileReference; lastKnownFileType = sourcecode.swift; path = CollectionViewCellConfigurator.swift; sourceTree = "<group>"; };
		5E8534DB26066D89000658F2 /* CollectionViewCellViewModelConfigurable.swift */ = {isa = PBXFileReference; lastKnownFileType = sourcecode.swift; path = CollectionViewCellViewModelConfigurable.swift; sourceTree = "<group>"; };
		5E85350726066F76000658F2 /* TableViewDataDisplayManager.swift */ = {isa = PBXFileReference; lastKnownFileType = sourcecode.swift; path = TableViewDataDisplayManager.swift; sourceTree = "<group>"; };
		5E85350B26066F8B000658F2 /* TableCellConfigurator.swift */ = {isa = PBXFileReference; lastKnownFileType = sourcecode.swift; path = TableCellConfigurator.swift; sourceTree = "<group>"; };
		5E85350F26066FA0000658F2 /* TableViewCellViewModelConfigurable.swift */ = {isa = PBXFileReference; lastKnownFileType = sourcecode.swift; path = TableViewCellViewModelConfigurable.swift; sourceTree = "<group>"; };
		5E85351326066FAF000658F2 /* TableViewCellConfigurable.swift */ = {isa = PBXFileReference; lastKnownFileType = sourcecode.swift; path = TableViewCellConfigurable.swift; sourceTree = "<group>"; };
		5E85351B26067024000658F2 /* CollectionViewCellConfigurable.swift */ = {isa = PBXFileReference; lastKnownFileType = sourcecode.swift; path = CollectionViewCellConfigurable.swift; sourceTree = "<group>"; };
		5E85352C260671D8000658F2 /* UITableView+Extensions.swift */ = {isa = PBXFileReference; lastKnownFileType = sourcecode.swift; path = "UITableView+Extensions.swift"; sourceTree = "<group>"; };
		5E853537260673C5000658F2 /* UICollectionView+Extensions.swift */ = {isa = PBXFileReference; lastKnownFileType = sourcecode.swift; path = "UICollectionView+Extensions.swift"; sourceTree = "<group>"; };
		5E85353E26067796000658F2 /* ClassNameProtocol.swift */ = {isa = PBXFileReference; lastKnownFileType = sourcecode.swift; path = ClassNameProtocol.swift; sourceTree = "<group>"; };
		5E8614992607979A0083A331 /* TableReusableViewConfigurable.swift */ = {isa = PBXFileReference; lastKnownFileType = sourcecode.swift; path = TableReusableViewConfigurable.swift; sourceTree = "<group>"; };
		5E86149D260797BF0083A331 /* TableReusableViewModelConfigurable.swift */ = {isa = PBXFileReference; lastKnownFileType = sourcecode.swift; path = TableReusableViewModelConfigurable.swift; sourceTree = "<group>"; };
		5E8614A1260797D60083A331 /* TableReusableViewConfigurator.swift */ = {isa = PBXFileReference; lastKnownFileType = sourcecode.swift; path = TableReusableViewConfigurator.swift; sourceTree = "<group>"; };
		5E8614FE2607A6920083A331 /* FeedWordTableReusableViewModelProtocol.swift */ = {isa = PBXFileReference; lastKnownFileType = sourcecode.swift; path = FeedWordTableReusableViewModelProtocol.swift; sourceTree = "<group>"; };
		5E8614FF2607A6920083A331 /* FeedWordTableReusableView.swift */ = {isa = PBXFileReference; lastKnownFileType = sourcecode.swift; path = FeedWordTableReusableView.swift; sourceTree = "<group>"; };
		5E8615002607A6920083A331 /* FeedWordTableReusableViewModel.swift */ = {isa = PBXFileReference; lastKnownFileType = sourcecode.swift; path = FeedWordTableReusableViewModel.swift; sourceTree = "<group>"; };
		5EAC9A3E26083F4F00941879 /* Color.swift */ = {isa = PBXFileReference; lastKnownFileType = sourcecode.swift; path = Color.swift; sourceTree = "<group>"; };
		5EAC9A432608415400941879 /* ShadowView.swift */ = {isa = PBXFileReference; lastKnownFileType = sourcecode.swift; path = ShadowView.swift; sourceTree = "<group>"; };
/* End PBXFileReference section */

/* Begin PBXFrameworksBuildPhase section */
		5E8533152606532E000658F2 /* Frameworks */ = {
			isa = PBXFrameworksBuildPhase;
			buildActionMask = 2147483647;
			files = (
				DA2132BBC52FF12D35623415 /* libPods-UIComponentsSDK.a in Frameworks */,
			);
			runOnlyForDeploymentPostprocessing = 0;
		};
		5E85331E2606532E000658F2 /* Frameworks */ = {
			isa = PBXFrameworksBuildPhase;
			buildActionMask = 2147483647;
			files = (
				5E8533222606532E000658F2 /* UIComponentsSDK.framework in Frameworks */,
			);
			runOnlyForDeploymentPostprocessing = 0;
		};
/* End PBXFrameworksBuildPhase section */

/* Begin PBXGroup section */
		1BC1A49D1560BFB547765E5F /* Frameworks */ = {
			isa = PBXGroup;
			children = (
				170D9A4A214B5576D543AC93 /* libPods-UIComponentsSDK.a */,
			);
			name = Frameworks;
			sourceTree = "<group>";
		};
		37B00FE5A48ACE78B93D615F /* Pods */ = {
			isa = PBXGroup;
			children = (
				128E2CE6D7C45C831FAC7E4A /* Pods-UIComponentsSDK.debug.xcconfig */,
				35C2B9C080DE7E2DD8A8BE6F /* Pods-UIComponentsSDK.release.xcconfig */,
			);
			name = Pods;
			path = ../SkyEng/Pods;
			sourceTree = "<group>";
		};
		5E13C0D32606D72200240E69 /* ReusableView */ = {
			isa = PBXGroup;
			children = (
				5E13C0D42606D74C00240E69 /* CollectionReusableSupplementaryViewConfigurator.swift */,
				5E13C0E02606D88600240E69 /* CollectionReusableSupplementaryViewConfigurable.swift */,
				5E13C0DC2606D82700240E69 /* CollectionReusableSupplementaryViewModelConfigurable.swift */,
			);
			path = ReusableView;
			sourceTree = "<group>";
		};
		5E13C0EA2606D99400240E69 /* Cell */ = {
			isa = PBXGroup;
			children = (
				5E8534D726066D5E000658F2 /* CollectionViewCellConfigurator.swift */,
				5E85351B26067024000658F2 /* CollectionViewCellConfigurable.swift */,
				5E8534DB26066D89000658F2 /* CollectionViewCellViewModelConfigurable.swift */,
			);
			path = Cell;
			sourceTree = "<group>";
		};
		5E13C0ED2606D9A200240E69 /* Cell */ = {
			isa = PBXGroup;
			children = (
				5E85350B26066F8B000658F2 /* TableCellConfigurator.swift */,
				5E85351326066FAF000658F2 /* TableViewCellConfigurable.swift */,
				5E85350F26066FA0000658F2 /* TableViewCellViewModelConfigurable.swift */,
			);
			path = Cell;
			sourceTree = "<group>";
		};
		5E13C0F62606DC6300240E69 /* ReusableView */ = {
			isa = PBXGroup;
			children = (
			);
			path = ReusableView;
			sourceTree = "<group>";
		};
		5E13C12026076A5F00240E69 /* ReusableView */ = {
			isa = PBXGroup;
			children = (
				5E8614A1260797D60083A331 /* TableReusableViewConfigurator.swift */,
				5E8614992607979A0083A331 /* TableReusableViewConfigurable.swift */,
				5E86149D260797BF0083A331 /* TableReusableViewModelConfigurable.swift */,
			);
			path = ReusableView;
			sourceTree = "<group>";
		};
		5E3817172607B57E00C36A82 /* FeedWord */ = {
			isa = PBXGroup;
			children = (
				5E13C0CB2606CBB900240E69 /* FeedWordTableViewCell.swift */,
				5E13C0CC2606CBB900240E69 /* FeedWordTableViewCellViewModel.swift */,
				5E13C0CD2606CBB900240E69 /* FeedWordTableViewCellViewModelProtocol.swift */,
			);
			name = FeedWord;
			sourceTree = "<group>";
		};
		5E3817182607B58900C36A82 /* FeedWord */ = {
			isa = PBXGroup;
			children = (
				5E8614FF2607A6920083A331 /* FeedWordTableReusableView.swift */,
				5E8615002607A6920083A331 /* FeedWordTableReusableViewModel.swift */,
				5E8614FE2607A6920083A331 /* FeedWordTableReusableViewModelProtocol.swift */,
			);
			name = FeedWord;
			sourceTree = "<group>";
		};
		5E3817192607B59400C36A82 /* Spacing */ = {
			isa = PBXGroup;
			children = (
				5E38171A2607B5AB00C36A82 /* SpacingTableViewCell.swift */,
				5E38171B2607B5AB00C36A82 /* SpacingTableViewCellViewModel.swift */,
				5E38171C2607B5AB00C36A82 /* SpacingTableViewCellViewModelProtocol.swift */,
			);
			name = Spacing;
			sourceTree = "<group>";
		};
		5E701B202607DBB700C02FCD /* Common */ = {
			isa = PBXGroup;
			children = (
				5E701B212607DBC100C02FCD /* UI.swift */,
				5EAC9A3E26083F4F00941879 /* Color.swift */,
				5E571187260846EC002929BD /* Image.swift */,
				5E701B252607E77500C02FCD /* KeyboardHandler.swift */,
			);
			path = Common;
			sourceTree = "<group>";
		};
		5E85330E2606532E000658F2 = {
			isa = PBXGroup;
			children = (
				5E85331A2606532E000658F2 /* UIComponentsSDK */,
				5E8533252606532E000658F2 /* UIComponentsSDKTests */,
				5E8533192606532E000658F2 /* Products */,
				37B00FE5A48ACE78B93D615F /* Pods */,
				1BC1A49D1560BFB547765E5F /* Frameworks */,
			);
			sourceTree = "<group>";
		};
		5E8533192606532E000658F2 /* Products */ = {
			isa = PBXGroup;
			children = (
				5E8533182606532E000658F2 /* UIComponentsSDK.framework */,
				5E8533212606532E000658F2 /* UIComponentsSDKTests.xctest */,
			);
			name = Products;
			sourceTree = "<group>";
		};
		5E85331A2606532E000658F2 /* UIComponentsSDK */ = {
			isa = PBXGroup;
			children = (
				5E701B202607DBB700C02FCD /* Common */,
				5E85353D2606778A000658F2 /* Protocols */,
				5EAC9A47260843D500941879 /* CustomViews */,
				5E85352B260671BD000658F2 /* Extensions */,
				5E8534C926066CE3000658F2 /* DDM */,
				5E86F6892606AFF700E27727 /* CollectionView */,
				5E86F6882606AFE900E27727 /* TableView */,
				5E8535262606711B000658F2 /* Support Files */,
			);
			path = UIComponentsSDK;
			sourceTree = "<group>";
		};
		5E8533252606532E000658F2 /* UIComponentsSDKTests */ = {
			isa = PBXGroup;
			children = (
				5E8533262606532E000658F2 /* UIComponentsSDKTests.swift */,
				5E8533282606532E000658F2 /* Info.plist */,
			);
			path = UIComponentsSDKTests;
			sourceTree = "<group>";
		};
		5E8534C926066CE3000658F2 /* DDM */ = {
			isa = PBXGroup;
			children = (
				5E8534CA26066D01000658F2 /* Configurable.swift */,
				5E8534EE26066DFC000658F2 /* TableViewDDM */,
				5E8534D026066D36000658F2 /* CollectionViewDDM */,
			);
			path = DDM;
			sourceTree = "<group>";
		};
		5E8534D026066D36000658F2 /* CollectionViewDDM */ = {
			isa = PBXGroup;
			children = (
				5E8534D126066D45000658F2 /* CollectionViewDataDisplayManager.swift */,
				5E13C0D32606D72200240E69 /* ReusableView */,
				5E13C0EA2606D99400240E69 /* Cell */,
			);
			path = CollectionViewDDM;
			sourceTree = "<group>";
		};
		5E8534EE26066DFC000658F2 /* TableViewDDM */ = {
			isa = PBXGroup;
			children = (
				5E85350726066F76000658F2 /* TableViewDataDisplayManager.swift */,
				5E13C12026076A5F00240E69 /* ReusableView */,
				5E13C0ED2606D9A200240E69 /* Cell */,
			);
			path = TableViewDDM;
			sourceTree = "<group>";
		};
		5E8535262606711B000658F2 /* Support Files */ = {
			isa = PBXGroup;
			children = (
				5E85331B2606532E000658F2 /* UIComponentsSDK.h */,
				5E85331C2606532E000658F2 /* Info.plist */,
			);
			path = "Support Files";
			sourceTree = "<group>";
		};
		5E85352B260671BD000658F2 /* Extensions */ = {
			isa = PBXGroup;
			children = (
				5E05DBB12607CF030092CE3E /* UIView+Extensions.swift */,
				5E5711B92608592D002929BD /* UIViewController+Extemsions.swift */,
				5E85352C260671D8000658F2 /* UITableView+Extensions.swift */,
				5E853537260673C5000658F2 /* UICollectionView+Extensions.swift */,
				5E38170C2607B27200C36A82 /* UIFont+Extensions.swift */,
				5E3817132607B4F800C36A82 /* UIViewController+Extensions.swift */,
			);
			path = Extensions;
			sourceTree = "<group>";
		};
		5E85353D2606778A000658F2 /* Protocols */ = {
			isa = PBXGroup;
			children = (
				5E85353E26067796000658F2 /* ClassNameProtocol.swift */,
			);
			path = Protocols;
			sourceTree = "<group>";
		};
		5E8614A726079E190083A331 /* ReusableView */ = {
			isa = PBXGroup;
			children = (
				5E3817182607B58900C36A82 /* FeedWord */,
			);
			name = ReusableView;
			sourceTree = "<group>";
		};
		5E86F6882606AFE900E27727 /* TableView */ = {
			isa = PBXGroup;
			children = (
				5E8614A726079E190083A331 /* ReusableView */,
				5E86F68A2606B00700E27727 /* Cell */,
			);
			path = TableView;
			sourceTree = "<group>";
		};
		5E86F6892606AFF700E27727 /* CollectionView */ = {
			isa = PBXGroup;
			children = (
				5E13C0F62606DC6300240E69 /* ReusableView */,
				5E86F6982606B08000E27727 /* Cell */,
			);
			path = CollectionView;
			sourceTree = "<group>";
		};
		5E86F68A2606B00700E27727 /* Cell */ = {
			isa = PBXGroup;
			children = (
				5E3817192607B59400C36A82 /* Spacing */,
				5E3817172607B57E00C36A82 /* FeedWord */,
			);
			name = Cell;
			sourceTree = "<group>";
		};
		5E86F6982606B08000E27727 /* Cell */ = {
			isa = PBXGroup;
			children = (
			);
			path = Cell;
			sourceTree = "<group>";
		};
		5EAC9A47260843D500941879 /* CustomViews */ = {
			isa = PBXGroup;
			children = (
				5EAC9A432608415400941879 /* ShadowView.swift */,
			);
			path = CustomViews;
			sourceTree = "<group>";
		};
/* End PBXGroup section */

/* Begin PBXHeadersBuildPhase section */
		5E8533132606532E000658F2 /* Headers */ = {
			isa = PBXHeadersBuildPhase;
			buildActionMask = 2147483647;
			files = (
				5E8533292606532E000658F2 /* UIComponentsSDK.h in Headers */,
			);
			runOnlyForDeploymentPostprocessing = 0;
		};
/* End PBXHeadersBuildPhase section */

/* Begin PBXNativeTarget section */
		5E8533172606532E000658F2 /* UIComponentsSDK */ = {
			isa = PBXNativeTarget;
			buildConfigurationList = 5E85332C2606532E000658F2 /* Build configuration list for PBXNativeTarget "UIComponentsSDK" */;
			buildPhases = (
				A858C103C730B154F8085C17 /* [CP] Check Pods Manifest.lock */,
				5E8533132606532E000658F2 /* Headers */,
				5E8533142606532E000658F2 /* Sources */,
				5E8533152606532E000658F2 /* Frameworks */,
				5E8533162606532E000658F2 /* Resources */,
			);
			buildRules = (
			);
			dependencies = (
			);
			name = UIComponentsSDK;
			productName = UIComponentsSDK;
			productReference = 5E8533182606532E000658F2 /* UIComponentsSDK.framework */;
			productType = "com.apple.product-type.framework";
		};
		5E8533202606532E000658F2 /* UIComponentsSDKTests */ = {
			isa = PBXNativeTarget;
			buildConfigurationList = 5E85332F2606532E000658F2 /* Build configuration list for PBXNativeTarget "UIComponentsSDKTests" */;
			buildPhases = (
				5E85331D2606532E000658F2 /* Sources */,
				5E85331E2606532E000658F2 /* Frameworks */,
				5E85331F2606532E000658F2 /* Resources */,
			);
			buildRules = (
			);
			dependencies = (
				5E8533242606532E000658F2 /* PBXTargetDependency */,
			);
			name = UIComponentsSDKTests;
			productName = UIComponentsSDKTests;
			productReference = 5E8533212606532E000658F2 /* UIComponentsSDKTests.xctest */;
			productType = "com.apple.product-type.bundle.unit-test";
		};
/* End PBXNativeTarget section */

/* Begin PBXProject section */
		5E85330F2606532E000658F2 /* Project object */ = {
			isa = PBXProject;
			attributes = {
				LastSwiftUpdateCheck = 1240;
				LastUpgradeCheck = 1240;
				ORGANIZATIONNAME = SkyEng;
				TargetAttributes = {
					5E8533172606532E000658F2 = {
						CreatedOnToolsVersion = 12.4;
						LastSwiftMigration = 1240;
					};
					5E8533202606532E000658F2 = {
						CreatedOnToolsVersion = 12.4;
					};
				};
			};
			buildConfigurationList = 5E8533122606532E000658F2 /* Build configuration list for PBXProject "UIComponentsSDK" */;
			compatibilityVersion = "Xcode 9.3";
			developmentRegion = en;
			hasScannedForEncodings = 0;
			knownRegions = (
				en,
				Base,
			);
			mainGroup = 5E85330E2606532E000658F2;
			productRefGroup = 5E8533192606532E000658F2 /* Products */;
			projectDirPath = "";
			projectRoot = "";
			targets = (
				5E8533172606532E000658F2 /* UIComponentsSDK */,
				5E8533202606532E000658F2 /* UIComponentsSDKTests */,
			);
		};
/* End PBXProject section */

/* Begin PBXResourcesBuildPhase section */
		5E8533162606532E000658F2 /* Resources */ = {
			isa = PBXResourcesBuildPhase;
			buildActionMask = 2147483647;
			files = (
			);
			runOnlyForDeploymentPostprocessing = 0;
		};
		5E85331F2606532E000658F2 /* Resources */ = {
			isa = PBXResourcesBuildPhase;
			buildActionMask = 2147483647;
			files = (
			);
			runOnlyForDeploymentPostprocessing = 0;
		};
/* End PBXResourcesBuildPhase section */

/* Begin PBXShellScriptBuildPhase section */
		A858C103C730B154F8085C17 /* [CP] Check Pods Manifest.lock */ = {
			isa = PBXShellScriptBuildPhase;
			buildActionMask = 2147483647;
			files = (
			);
			inputFileListPaths = (
			);
			inputPaths = (
				"${PODS_PODFILE_DIR_PATH}/Podfile.lock",
				"${PODS_ROOT}/Manifest.lock",
			);
			name = "[CP] Check Pods Manifest.lock";
			outputFileListPaths = (
			);
			outputPaths = (
				"$(DERIVED_FILE_DIR)/Pods-UIComponentsSDK-checkManifestLockResult.txt",
			);
			runOnlyForDeploymentPostprocessing = 0;
			shellPath = /bin/sh;
			shellScript = "diff \"${PODS_PODFILE_DIR_PATH}/Podfile.lock\" \"${PODS_ROOT}/Manifest.lock\" > /dev/null\nif [ $? != 0 ] ; then\n    # print error to STDERR\n    echo \"error: The sandbox is not in sync with the Podfile.lock. Run 'pod install' or update your CocoaPods installation.\" >&2\n    exit 1\nfi\n# This output is used by Xcode 'outputs' to avoid re-running this script phase.\necho \"SUCCESS\" > \"${SCRIPT_OUTPUT_FILE_0}\"\n";
			showEnvVarsInLog = 0;
		};
/* End PBXShellScriptBuildPhase section */

/* Begin PBXSourcesBuildPhase section */
		5E8533142606532E000658F2 /* Sources */ = {
			isa = PBXSourcesBuildPhase;
			buildActionMask = 2147483647;
			files = (
				5E8615022607A6920083A331 /* FeedWordTableReusableView.swift in Sources */,
				5E5711BA2608592D002929BD /* UIViewController+Extemsions.swift in Sources */,
				5E853538260673C5000658F2 /* UICollectionView+Extensions.swift in Sources */,
				5EAC9A3F26083F4F00941879 /* Color.swift in Sources */,
				5E86149A2607979A0083A331 /* TableReusableViewConfigurable.swift in Sources */,
				5E13C0CE2606CBB900240E69 /* FeedWordTableViewCell.swift in Sources */,
				5E8534CB26066D01000658F2 /* Configurable.swift in Sources */,
				5E38171D2607B5AB00C36A82 /* SpacingTableViewCell.swift in Sources */,
				5E85351426066FAF000658F2 /* TableViewCellConfigurable.swift in Sources */,
				5E85353F26067796000658F2 /* ClassNameProtocol.swift in Sources */,
				5E85350C26066F8B000658F2 /* TableCellConfigurator.swift in Sources */,
				5E8614A2260797D60083A331 /* TableReusableViewConfigurator.swift in Sources */,
				5E8615012607A6920083A331 /* FeedWordTableReusableViewModelProtocol.swift in Sources */,
				5E38170D2607B27200C36A82 /* UIFont+Extensions.swift in Sources */,
				5E13C0D52606D74C00240E69 /* CollectionReusableSupplementaryViewConfigurator.swift in Sources */,
				5E571188260846EC002929BD /* Image.swift in Sources */,
				5E86149E260797BF0083A331 /* TableReusableViewModelConfigurable.swift in Sources */,
				5E38171E2607B5AB00C36A82 /* SpacingTableViewCellViewModel.swift in Sources */,
				5E8534DC26066D89000658F2 /* CollectionViewCellViewModelConfigurable.swift in Sources */,
				5E85351026066FA0000658F2 /* TableViewCellViewModelConfigurable.swift in Sources */,
				5E13C0D02606CBB900240E69 /* FeedWordTableViewCellViewModelProtocol.swift in Sources */,
				5E8615032607A6920083A331 /* FeedWordTableReusableViewModel.swift in Sources */,
				5E85350826066F76000658F2 /* TableViewDataDisplayManager.swift in Sources */,
				5E8534D826066D5E000658F2 /* CollectionViewCellConfigurator.swift in Sources */,
				5E8534D226066D45000658F2 /* CollectionViewDataDisplayManager.swift in Sources */,
				5E13C0DD2606D82700240E69 /* CollectionReusableSupplementaryViewModelConfigurable.swift in Sources */,
				5E3817142607B4F800C36A82 /* UIViewController+Extensions.swift in Sources */,
				5E701B222607DBC100C02FCD /* UI.swift in Sources */,
				5E85352D260671D8000658F2 /* UITableView+Extensions.swift in Sources */,
				5E05DBB22607CF030092CE3E /* UIView+Extensions.swift in Sources */,
				5E38171F2607B5AB00C36A82 /* SpacingTableViewCellViewModelProtocol.swift in Sources */,
				5E13C0E12606D88600240E69 /* CollectionReusableSupplementaryViewConfigurable.swift in Sources */,
				5E13C0CF2606CBB900240E69 /* FeedWordTableViewCellViewModel.swift in Sources */,
				5E85351C26067024000658F2 /* CollectionViewCellConfigurable.swift in Sources */,
				5EAC9A442608415400941879 /* ShadowView.swift in Sources */,
				5E701B262607E77500C02FCD /* KeyboardHandler.swift in Sources */,
			);
			runOnlyForDeploymentPostprocessing = 0;
		};
		5E85331D2606532E000658F2 /* Sources */ = {
			isa = PBXSourcesBuildPhase;
			buildActionMask = 2147483647;
			files = (
				5E8533272606532E000658F2 /* UIComponentsSDKTests.swift in Sources */,
			);
			runOnlyForDeploymentPostprocessing = 0;
		};
/* End PBXSourcesBuildPhase section */

/* Begin PBXTargetDependency section */
		5E8533242606532E000658F2 /* PBXTargetDependency */ = {
			isa = PBXTargetDependency;
			target = 5E8533172606532E000658F2 /* UIComponentsSDK */;
			targetProxy = 5E8533232606532E000658F2 /* PBXContainerItemProxy */;
		};
/* End PBXTargetDependency section */

/* Begin XCBuildConfiguration section */
		5E85332A2606532E000658F2 /* Debug */ = {
			isa = XCBuildConfiguration;
			buildSettings = {
				ALWAYS_SEARCH_USER_PATHS = NO;
				CLANG_ANALYZER_NONNULL = YES;
				CLANG_ANALYZER_NUMBER_OBJECT_CONVERSION = YES_AGGRESSIVE;
				CLANG_CXX_LANGUAGE_STANDARD = "gnu++14";
				CLANG_CXX_LIBRARY = "libc++";
				CLANG_ENABLE_MODULES = YES;
				CLANG_ENABLE_OBJC_ARC = YES;
				CLANG_ENABLE_OBJC_WEAK = YES;
				CLANG_WARN_BLOCK_CAPTURE_AUTORELEASING = YES;
				CLANG_WARN_BOOL_CONVERSION = YES;
				CLANG_WARN_COMMA = YES;
				CLANG_WARN_CONSTANT_CONVERSION = YES;
				CLANG_WARN_DEPRECATED_OBJC_IMPLEMENTATIONS = YES;
				CLANG_WARN_DIRECT_OBJC_ISA_USAGE = YES_ERROR;
				CLANG_WARN_DOCUMENTATION_COMMENTS = YES;
				CLANG_WARN_EMPTY_BODY = YES;
				CLANG_WARN_ENUM_CONVERSION = YES;
				CLANG_WARN_INFINITE_RECURSION = YES;
				CLANG_WARN_INT_CONVERSION = YES;
				CLANG_WARN_NON_LITERAL_NULL_CONVERSION = YES;
				CLANG_WARN_OBJC_IMPLICIT_RETAIN_SELF = YES;
				CLANG_WARN_OBJC_LITERAL_CONVERSION = YES;
				CLANG_WARN_OBJC_ROOT_CLASS = YES_ERROR;
				CLANG_WARN_QUOTED_INCLUDE_IN_FRAMEWORK_HEADER = YES;
				CLANG_WARN_RANGE_LOOP_ANALYSIS = YES;
				CLANG_WARN_STRICT_PROTOTYPES = YES;
				CLANG_WARN_SUSPICIOUS_MOVE = YES;
				CLANG_WARN_UNGUARDED_AVAILABILITY = YES_AGGRESSIVE;
				CLANG_WARN_UNREACHABLE_CODE = YES;
				CLANG_WARN__DUPLICATE_METHOD_MATCH = YES;
				COPY_PHASE_STRIP = NO;
				CURRENT_PROJECT_VERSION = 1;
				DEBUG_INFORMATION_FORMAT = dwarf;
				ENABLE_STRICT_OBJC_MSGSEND = YES;
				ENABLE_TESTABILITY = YES;
				GCC_C_LANGUAGE_STANDARD = gnu11;
				GCC_DYNAMIC_NO_PIC = NO;
				GCC_NO_COMMON_BLOCKS = YES;
				GCC_OPTIMIZATION_LEVEL = 0;
				GCC_PREPROCESSOR_DEFINITIONS = (
					"DEBUG=1",
					"$(inherited)",
				);
				GCC_WARN_64_TO_32_BIT_CONVERSION = YES;
				GCC_WARN_ABOUT_RETURN_TYPE = YES_ERROR;
				GCC_WARN_UNDECLARED_SELECTOR = YES;
				GCC_WARN_UNINITIALIZED_AUTOS = YES_AGGRESSIVE;
				GCC_WARN_UNUSED_FUNCTION = YES;
				GCC_WARN_UNUSED_VARIABLE = YES;
				IPHONEOS_DEPLOYMENT_TARGET = 11.0;
				MTL_ENABLE_DEBUG_INFO = INCLUDE_SOURCE;
				MTL_FAST_MATH = YES;
				ONLY_ACTIVE_ARCH = YES;
				SDKROOT = iphoneos;
				SWIFT_ACTIVE_COMPILATION_CONDITIONS = DEBUG;
				SWIFT_OPTIMIZATION_LEVEL = "-Onone";
				VERSIONING_SYSTEM = "apple-generic";
				VERSION_INFO_PREFIX = "";
			};
			name = Debug;
		};
		5E85332B2606532E000658F2 /* Release */ = {
			isa = XCBuildConfiguration;
			buildSettings = {
				ALWAYS_SEARCH_USER_PATHS = NO;
				CLANG_ANALYZER_NONNULL = YES;
				CLANG_ANALYZER_NUMBER_OBJECT_CONVERSION = YES_AGGRESSIVE;
				CLANG_CXX_LANGUAGE_STANDARD = "gnu++14";
				CLANG_CXX_LIBRARY = "libc++";
				CLANG_ENABLE_MODULES = YES;
				CLANG_ENABLE_OBJC_ARC = YES;
				CLANG_ENABLE_OBJC_WEAK = YES;
				CLANG_WARN_BLOCK_CAPTURE_AUTORELEASING = YES;
				CLANG_WARN_BOOL_CONVERSION = YES;
				CLANG_WARN_COMMA = YES;
				CLANG_WARN_CONSTANT_CONVERSION = YES;
				CLANG_WARN_DEPRECATED_OBJC_IMPLEMENTATIONS = YES;
				CLANG_WARN_DIRECT_OBJC_ISA_USAGE = YES_ERROR;
				CLANG_WARN_DOCUMENTATION_COMMENTS = YES;
				CLANG_WARN_EMPTY_BODY = YES;
				CLANG_WARN_ENUM_CONVERSION = YES;
				CLANG_WARN_INFINITE_RECURSION = YES;
				CLANG_WARN_INT_CONVERSION = YES;
				CLANG_WARN_NON_LITERAL_NULL_CONVERSION = YES;
				CLANG_WARN_OBJC_IMPLICIT_RETAIN_SELF = YES;
				CLANG_WARN_OBJC_LITERAL_CONVERSION = YES;
				CLANG_WARN_OBJC_ROOT_CLASS = YES_ERROR;
				CLANG_WARN_QUOTED_INCLUDE_IN_FRAMEWORK_HEADER = YES;
				CLANG_WARN_RANGE_LOOP_ANALYSIS = YES;
				CLANG_WARN_STRICT_PROTOTYPES = YES;
				CLANG_WARN_SUSPICIOUS_MOVE = YES;
				CLANG_WARN_UNGUARDED_AVAILABILITY = YES_AGGRESSIVE;
				CLANG_WARN_UNREACHABLE_CODE = YES;
				CLANG_WARN__DUPLICATE_METHOD_MATCH = YES;
				COPY_PHASE_STRIP = NO;
				CURRENT_PROJECT_VERSION = 1;
				DEBUG_INFORMATION_FORMAT = "dwarf-with-dsym";
				ENABLE_NS_ASSERTIONS = NO;
				ENABLE_STRICT_OBJC_MSGSEND = YES;
				GCC_C_LANGUAGE_STANDARD = gnu11;
				GCC_NO_COMMON_BLOCKS = YES;
				GCC_WARN_64_TO_32_BIT_CONVERSION = YES;
				GCC_WARN_ABOUT_RETURN_TYPE = YES_ERROR;
				GCC_WARN_UNDECLARED_SELECTOR = YES;
				GCC_WARN_UNINITIALIZED_AUTOS = YES_AGGRESSIVE;
				GCC_WARN_UNUSED_FUNCTION = YES;
				GCC_WARN_UNUSED_VARIABLE = YES;
				IPHONEOS_DEPLOYMENT_TARGET = 11.0;
				MTL_ENABLE_DEBUG_INFO = NO;
				MTL_FAST_MATH = YES;
				SDKROOT = iphoneos;
				SWIFT_COMPILATION_MODE = wholemodule;
				SWIFT_OPTIMIZATION_LEVEL = "-O";
				VALIDATE_PRODUCT = YES;
				VERSIONING_SYSTEM = "apple-generic";
				VERSION_INFO_PREFIX = "";
			};
			name = Release;
		};
		5E85332D2606532E000658F2 /* Debug */ = {
			isa = XCBuildConfiguration;
			baseConfigurationReference = 128E2CE6D7C45C831FAC7E4A /* Pods-UIComponentsSDK.debug.xcconfig */;
			buildSettings = {
				CLANG_ENABLE_MODULES = YES;
				CODE_SIGN_STYLE = Automatic;
				DEFINES_MODULE = YES;
				DEVELOPMENT_TEAM = V6C9FSMZ98;
				DYLIB_COMPATIBILITY_VERSION = 1;
				DYLIB_CURRENT_VERSION = 1;
				DYLIB_INSTALL_NAME_BASE = "@rpath";
				INFOPLIST_FILE = "UIComponentsSDK/Support Files/Info.plist";
				INSTALL_PATH = "$(LOCAL_LIBRARY_DIR)/Frameworks";
				IPHONEOS_DEPLOYMENT_TARGET = 11.0;
				LD_RUNPATH_SEARCH_PATHS = (
					"$(inherited)",
					"@executable_path/Frameworks",
					"@loader_path/Frameworks",
				);
				PRODUCT_BUNDLE_IDENTIFIER = Chegoshev.Aleksander.UIComponentsSDK;
				PRODUCT_NAME = "$(TARGET_NAME:c99extidentifier)";
				SKIP_INSTALL = YES;
				SWIFT_OPTIMIZATION_LEVEL = "-Onone";
				SWIFT_VERSION = 5.0;
				TARGETED_DEVICE_FAMILY = "1,2";
			};
			name = Debug;
		};
		5E85332E2606532E000658F2 /* Release */ = {
			isa = XCBuildConfiguration;
			baseConfigurationReference = 35C2B9C080DE7E2DD8A8BE6F /* Pods-UIComponentsSDK.release.xcconfig */;
			buildSettings = {
				CLANG_ENABLE_MODULES = YES;
				CODE_SIGN_STYLE = Automatic;
				DEFINES_MODULE = YES;
				DEVELOPMENT_TEAM = V6C9FSMZ98;
				DYLIB_COMPATIBILITY_VERSION = 1;
				DYLIB_CURRENT_VERSION = 1;
				DYLIB_INSTALL_NAME_BASE = "@rpath";
				INFOPLIST_FILE = "UIComponentsSDK/Support Files/Info.plist";
				INSTALL_PATH = "$(LOCAL_LIBRARY_DIR)/Frameworks";
				IPHONEOS_DEPLOYMENT_TARGET = 11.0;
				LD_RUNPATH_SEARCH_PATHS = (
					"$(inherited)",
					"@executable_path/Frameworks",
					"@loader_path/Frameworks",
				);
				PRODUCT_BUNDLE_IDENTIFIER = Chegoshev.Aleksander.UIComponentsSDK;
				PRODUCT_NAME = "$(TARGET_NAME:c99extidentifier)";
				SKIP_INSTALL = YES;
				SWIFT_VERSION = 5.0;
				TARGETED_DEVICE_FAMILY = "1,2";
			};
			name = Release;
		};
		5E8533302606532E000658F2 /* Debug */ = {
			isa = XCBuildConfiguration;
			buildSettings = {
				ALWAYS_EMBED_SWIFT_STANDARD_LIBRARIES = YES;
				CODE_SIGN_STYLE = Automatic;
				DEVELOPMENT_TEAM = V6C9FSMZ98;
				INFOPLIST_FILE = UIComponentsSDKTests/Info.plist;
				LD_RUNPATH_SEARCH_PATHS = (
					"$(inherited)",
					"@executable_path/Frameworks",
					"@loader_path/Frameworks",
				);
				PRODUCT_BUNDLE_IDENTIFIER = Chegoshev.Aleksander.UIComponentsSDKTests;
				PRODUCT_NAME = "$(TARGET_NAME)";
				SWIFT_VERSION = 5.0;
				TARGETED_DEVICE_FAMILY = "1,2";
			};
			name = Debug;
		};
		5E8533312606532E000658F2 /* Release */ = {
			isa = XCBuildConfiguration;
			buildSettings = {
				ALWAYS_EMBED_SWIFT_STANDARD_LIBRARIES = YES;
				CODE_SIGN_STYLE = Automatic;
				DEVELOPMENT_TEAM = V6C9FSMZ98;
				INFOPLIST_FILE = UIComponentsSDKTests/Info.plist;
				LD_RUNPATH_SEARCH_PATHS = (
					"$(inherited)",
					"@executable_path/Frameworks",
					"@loader_path/Frameworks",
				);
				PRODUCT_BUNDLE_IDENTIFIER = Chegoshev.Aleksander.UIComponentsSDKTests;
				PRODUCT_NAME = "$(TARGET_NAME)";
				SWIFT_VERSION = 5.0;
				TARGETED_DEVICE_FAMILY = "1,2";
			};
			name = Release;
		};
/* End XCBuildConfiguration section */

/* Begin XCConfigurationList section */
		5E8533122606532E000658F2 /* Build configuration list for PBXProject "UIComponentsSDK" */ = {
			isa = XCConfigurationList;
			buildConfigurations = (
				5E85332A2606532E000658F2 /* Debug */,
				5E85332B2606532E000658F2 /* Release */,
			);
			defaultConfigurationIsVisible = 0;
			defaultConfigurationName = Release;
		};
		5E85332C2606532E000658F2 /* Build configuration list for PBXNativeTarget "UIComponentsSDK" */ = {
			isa = XCConfigurationList;
			buildConfigurations = (
				5E85332D2606532E000658F2 /* Debug */,
				5E85332E2606532E000658F2 /* Release */,
			);
			defaultConfigurationIsVisible = 0;
			defaultConfigurationName = Release;
		};
		5E85332F2606532E000658F2 /* Build configuration list for PBXNativeTarget "UIComponentsSDKTests" */ = {
			isa = XCConfigurationList;
			buildConfigurations = (
				5E8533302606532E000658F2 /* Debug */,
				5E8533312606532E000658F2 /* Release */,
			);
			defaultConfigurationIsVisible = 0;
			defaultConfigurationName = Release;
		};
/* End XCConfigurationList section */
	};
	rootObject = 5E85330F2606532E000658F2 /* Project object */;
}
