// !$*UTF8*$!
{
	archiveVersion = 1;
	classes = {
	};
	objectVersion = 51;
	objects = {

/* Begin PBXBuildFile section */
		58ACB34C32D9FD0CF7DF007E /* Pods_SkyEng.framework in Frameworks */ = {isa = PBXBuildFile; fileRef = CA198069719D9A81B48B9EF0 /* Pods_SkyEng.framework */; };
		5ECF3233260568C0007EC2BB /* AppDelegate.swift in Sources */ = {isa = PBXBuildFile; fileRef = 5ECF3232260568C0007EC2BB /* AppDelegate.swift */; };
		5ECF3235260568C0007EC2BB /* SceneDelegate.swift in Sources */ = {isa = PBXBuildFile; fileRef = 5ECF3234260568C0007EC2BB /* SceneDelegate.swift */; };
		5ECF3237260568C0007EC2BB /* ViewController.swift in Sources */ = {isa = PBXBuildFile; fileRef = 5ECF3236260568C0007EC2BB /* ViewController.swift */; };
		5ECF323A260568C0007EC2BB /* Main.storyboard in Resources */ = {isa = PBXBuildFile; fileRef = 5ECF3238260568C0007EC2BB /* Main.storyboard */; };
		5ECF323C260568C1007EC2BB /* Assets.xcassets in Resources */ = {isa = PBXBuildFile; fileRef = 5ECF323B260568C1007EC2BB /* Assets.xcassets */; };
		5ECF323F260568C1007EC2BB /* LaunchScreen.storyboard in Resources */ = {isa = PBXBuildFile; fileRef = 5ECF323D260568C1007EC2BB /* LaunchScreen.storyboard */; };
/* End PBXBuildFile section */

/* Begin PBXFileReference section */
		2EE98A0B616D059C12F745A0 /* Pods-SkyEng.release.xcconfig */ = {isa = PBXFileReference; includeInIndex = 1; lastKnownFileType = text.xcconfig; name = "Pods-SkyEng.release.xcconfig"; path = "Target Support Files/Pods-SkyEng/Pods-SkyEng.release.xcconfig"; sourceTree = "<group>"; };
		3608BE322C995DA0D8F34629 /* Pods-SkyEng.debug.xcconfig */ = {isa = PBXFileReference; includeInIndex = 1; lastKnownFileType = text.xcconfig; name = "Pods-SkyEng.debug.xcconfig"; path = "Target Support Files/Pods-SkyEng/Pods-SkyEng.debug.xcconfig"; sourceTree = "<group>"; };
		5ECF322F260568C0007EC2BB /* SkyEng.app */ = {isa = PBXFileReference; explicitFileType = wrapper.application; includeInIndex = 0; path = SkyEng.app; sourceTree = BUILT_PRODUCTS_DIR; };
		5ECF3232260568C0007EC2BB /* AppDelegate.swift */ = {isa = PBXFileReference; lastKnownFileType = sourcecode.swift; path = AppDelegate.swift; sourceTree = "<group>"; };
		5ECF3234260568C0007EC2BB /* SceneDelegate.swift */ = {isa = PBXFileReference; lastKnownFileType = sourcecode.swift; path = SceneDelegate.swift; sourceTree = "<group>"; };
		5ECF3236260568C0007EC2BB /* ViewController.swift */ = {isa = PBXFileReference; lastKnownFileType = sourcecode.swift; path = ViewController.swift; sourceTree = "<group>"; };
		5ECF3239260568C0007EC2BB /* Base */ = {isa = PBXFileReference; lastKnownFileType = file.storyboard; name = Base; path = Base.lproj/Main.storyboard; sourceTree = "<group>"; };
		5ECF323B260568C1007EC2BB /* Assets.xcassets */ = {isa = PBXFileReference; lastKnownFileType = folder.assetcatalog; path = Assets.xcassets; sourceTree = "<group>"; };
		5ECF323E260568C1007EC2BB /* Base */ = {isa = PBXFileReference; lastKnownFileType = file.storyboard; name = Base; path = Base.lproj/LaunchScreen.storyboard; sourceTree = "<group>"; };
		5ECF3240260568C1007EC2BB /* Info.plist */ = {isa = PBXFileReference; lastKnownFileType = text.plist.xml; path = Info.plist; sourceTree = "<group>"; };
		CA198069719D9A81B48B9EF0 /* Pods_SkyEng.framework */ = {isa = PBXFileReference; explicitFileType = wrapper.framework; includeInIndex = 0; path = Pods_SkyEng.framework; sourceTree = BUILT_PRODUCTS_DIR; };
/* End PBXFileReference section */

/* Begin PBXFrameworksBuildPhase section */
		5ECF322C260568C0007EC2BB /* Frameworks */ = {
			isa = PBXFrameworksBuildPhase;
			buildActionMask = 2147483647;
			files = (
				58ACB34C32D9FD0CF7DF007E /* Pods_SkyEng.framework in Frameworks */,
			);
			runOnlyForDeploymentPostprocessing = 0;
		};
/* End PBXFrameworksBuildPhase section */

/* Begin PBXGroup section */
		5ECF3226260568C0007EC2BB = {
			isa = PBXGroup;
			children = (
				5ECF3231260568C0007EC2BB /* SkyEng */,
				5ECF3230260568C0007EC2BB /* Products */,
				78A5A8835CEDF4A883F92494 /* Pods */,
				E343E4D6321508B9DD37D549 /* Frameworks */,
			);
			sourceTree = "<group>";
		};
		5ECF3230260568C0007EC2BB /* Products */ = {
			isa = PBXGroup;
			children = (
				5ECF322F260568C0007EC2BB /* SkyEng.app */,
			);
			name = Products;
			sourceTree = "<group>";
		};
		5ECF3231260568C0007EC2BB /* SkyEng */ = {
			isa = PBXGroup;
			children = (
				5ECF3232260568C0007EC2BB /* AppDelegate.swift */,
				5ECF3234260568C0007EC2BB /* SceneDelegate.swift */,
				5ECF3236260568C0007EC2BB /* ViewController.swift */,
				5ECF3238260568C0007EC2BB /* Main.storyboard */,
				5ECF323B260568C1007EC2BB /* Assets.xcassets */,
				5ECF323D260568C1007EC2BB /* LaunchScreen.storyboard */,
				5ECF3240260568C1007EC2BB /* Info.plist */,
			);
			path = SkyEng;
			sourceTree = "<group>";
		};
		78A5A8835CEDF4A883F92494 /* Pods */ = {
			isa = PBXGroup;
			children = (
				3608BE322C995DA0D8F34629 /* Pods-SkyEng.debug.xcconfig */,
				2EE98A0B616D059C12F745A0 /* Pods-SkyEng.release.xcconfig */,
			);
			path = Pods;
			sourceTree = "<group>";
		};
		E343E4D6321508B9DD37D549 /* Frameworks */ = {
			isa = PBXGroup;
			children = (
				CA198069719D9A81B48B9EF0 /* Pods_SkyEng.framework */,
			);
			name = Frameworks;
			sourceTree = "<group>";
		};
/* End PBXGroup section */

/* Begin PBXNativeTarget section */
		5ECF322E260568C0007EC2BB /* SkyEng */ = {
			isa = PBXNativeTarget;
			buildConfigurationList = 5ECF3243260568C1007EC2BB /* Build configuration list for PBXNativeTarget "SkyEng" */;
			buildPhases = (
				AC6E9F4E1E4AB0C8D786DBF2 /* [CP] Check Pods Manifest.lock */,
				5ECF322B260568C0007EC2BB /* Sources */,
				5ECF322C260568C0007EC2BB /* Frameworks */,
				5ECF322D260568C0007EC2BB /* Resources */,
				E101C05892A9332824D1325E /* [CP] Embed Pods Frameworks */,
			);
			buildRules = (
			);
			dependencies = (
			);
			name = SkyEng;
			productName = SkyEng;
			productReference = 5ECF322F260568C0007EC2BB /* SkyEng.app */;
			productType = "com.apple.product-type.application";
		};
/* End PBXNativeTarget section */

/* Begin PBXProject section */
		5ECF3227260568C0007EC2BB /* Project object */ = {
			isa = PBXProject;
			attributes = {
				LastSwiftUpdateCheck = 1240;
				LastUpgradeCheck = 1240;
				TargetAttributes = {
					5ECF322E260568C0007EC2BB = {
						CreatedOnToolsVersion = 12.4;
					};
				};
			};
			buildConfigurationList = 5ECF322A260568C0007EC2BB /* Build configuration list for PBXProject "SkyEng" */;
			compatibilityVersion = "Xcode 9.3";
			developmentRegion = en;
			hasScannedForEncodings = 0;
			knownRegions = (
				en,
				Base,
			);
			mainGroup = 5ECF3226260568C0007EC2BB;
			productRefGroup = 5ECF3230260568C0007EC2BB /* Products */;
			projectDirPath = "";
			projectRoot = "";
			targets = (
				5ECF322E260568C0007EC2BB /* SkyEng */,
			);
		};
/* End PBXProject section */

/* Begin PBXResourcesBuildPhase section */
		5ECF322D260568C0007EC2BB /* Resources */ = {
			isa = PBXResourcesBuildPhase;
			buildActionMask = 2147483647;
			files = (
				5ECF323F260568C1007EC2BB /* LaunchScreen.storyboard in Resources */,
				5ECF323C260568C1007EC2BB /* Assets.xcassets in Resources */,
				5ECF323A260568C0007EC2BB /* Main.storyboard in Resources */,
			);
			runOnlyForDeploymentPostprocessing = 0;
		};
/* End PBXResourcesBuildPhase section */

/* Begin PBXShellScriptBuildPhase section */
		AC6E9F4E1E4AB0C8D786DBF2 /* [CP] Check Pods Manifest.lock */ = {
			isa = PBXShellScriptBuildPhase;
			buildActionMask = 2147483647;
			files = (
			);
			inputFileListPaths = (
			);
			inputPaths = (
				"${PODS_PODFILE_DIR_PATH}/Podfile.lock",
				"${PODS_ROOT}/Manifest.lock",
			);
			name = "[CP] Check Pods Manifest.lock";
			outputFileListPaths = (
			);
			outputPaths = (
				"$(DERIVED_FILE_DIR)/Pods-SkyEng-checkManifestLockResult.txt",
			);
			runOnlyForDeploymentPostprocessing = 0;
			shellPath = /bin/sh;
			shellScript = "diff \"${PODS_PODFILE_DIR_PATH}/Podfile.lock\" \"${PODS_ROOT}/Manifest.lock\" > /dev/null\nif [ $? != 0 ] ; then\n    # print error to STDERR\n    echo \"error: The sandbox is not in sync with the Podfile.lock. Run 'pod install' or update your CocoaPods installation.\" >&2\n    exit 1\nfi\n# This output is used by Xcode 'outputs' to avoid re-running this script phase.\necho \"SUCCESS\" > \"${SCRIPT_OUTPUT_FILE_0}\"\n";
			showEnvVarsInLog = 0;
		};
		E101C05892A9332824D1325E /* [CP] Embed Pods Frameworks */ = {
			isa = PBXShellScriptBuildPhase;
			buildActionMask = 2147483647;
			files = (
			);
			inputFileListPaths = (
				"${PODS_ROOT}/Target Support Files/Pods-SkyEng/Pods-SkyEng-frameworks-${CONFIGURATION}-input-files.xcfilelist",
			);
			name = "[CP] Embed Pods Frameworks";
			outputFileListPaths = (
				"${PODS_ROOT}/Target Support Files/Pods-SkyEng/Pods-SkyEng-frameworks-${CONFIGURATION}-output-files.xcfilelist",
			);
			runOnlyForDeploymentPostprocessing = 0;
			shellPath = /bin/sh;
			shellScript = "\"${PODS_ROOT}/Target Support Files/Pods-SkyEng/Pods-SkyEng-frameworks.sh\"\n";
			showEnvVarsInLog = 0;
		};
/* End PBXShellScriptBuildPhase section */

/* Begin PBXSourcesBuildPhase section */
		5ECF322B260568C0007EC2BB /* Sources */ = {
			isa = PBXSourcesBuildPhase;
			buildActionMask = 2147483647;
			files = (
				5ECF3237260568C0007EC2BB /* ViewController.swift in Sources */,
				5ECF3233260568C0007EC2BB /* AppDelegate.swift in Sources */,
				5ECF3235260568C0007EC2BB /* SceneDelegate.swift in Sources */,
			);
			runOnlyForDeploymentPostprocessing = 0;
		};
/* End PBXSourcesBuildPhase section */

/* Begin PBXVariantGroup section */
		5ECF3238260568C0007EC2BB /* Main.storyboard */ = {
			isa = PBXVariantGroup;
			children = (
				5ECF3239260568C0007EC2BB /* Base */,
			);
			name = Main.storyboard;
			sourceTree = "<group>";
		};
		5ECF323D260568C1007EC2BB /* LaunchScreen.storyboard */ = {
			isa = PBXVariantGroup;
			children = (
				5ECF323E260568C1007EC2BB /* Base */,
			);
			name = LaunchScreen.storyboard;
			sourceTree = "<group>";
		};
/* End PBXVariantGroup section */

/* Begin XCBuildConfiguration section */
		5ECF3241260568C1007EC2BB /* Debug */ = {
			isa = XCBuildConfiguration;
			buildSettings = {
				ALWAYS_SEARCH_USER_PATHS = NO;
				CLANG_ANALYZER_NONNULL = YES;
				CLANG_ANALYZER_NUMBER_OBJECT_CONVERSION = YES_AGGRESSIVE;
				CLANG_CXX_LANGUAGE_STANDARD = "gnu++14";
				CLANG_CXX_LIBRARY = "libc++";
				CLANG_ENABLE_MODULES = YES;
				CLANG_ENABLE_OBJC_ARC = YES;
				CLANG_ENABLE_OBJC_WEAK = YES;
				CLANG_WARN_BLOCK_CAPTURE_AUTORELEASING = YES;
				CLANG_WARN_BOOL_CONVERSION = YES;
				CLANG_WARN_COMMA = YES;
				CLANG_WARN_CONSTANT_CONVERSION = YES;
				CLANG_WARN_DEPRECATED_OBJC_IMPLEMENTATIONS = YES;
				CLANG_WARN_DIRECT_OBJC_ISA_USAGE = YES_ERROR;
				CLANG_WARN_DOCUMENTATION_COMMENTS = YES;
				CLANG_WARN_EMPTY_BODY = YES;
				CLANG_WARN_ENUM_CONVERSION = YES;
				CLANG_WARN_INFINITE_RECURSION = YES;
				CLANG_WARN_INT_CONVERSION = YES;
				CLANG_WARN_NON_LITERAL_NULL_CONVERSION = YES;
				CLANG_WARN_OBJC_IMPLICIT_RETAIN_SELF = YES;
				CLANG_WARN_OBJC_LITERAL_CONVERSION = YES;
				CLANG_WARN_OBJC_ROOT_CLASS = YES_ERROR;
				CLANG_WARN_QUOTED_INCLUDE_IN_FRAMEWORK_HEADER = YES;
				CLANG_WARN_RANGE_LOOP_ANALYSIS = YES;
				CLANG_WARN_STRICT_PROTOTYPES = YES;
				CLANG_WARN_SUSPICIOUS_MOVE = YES;
				CLANG_WARN_UNGUARDED_AVAILABILITY = YES_AGGRESSIVE;
				CLANG_WARN_UNREACHABLE_CODE = YES;
				CLANG_WARN__DUPLICATE_METHOD_MATCH = YES;
				COPY_PHASE_STRIP = NO;
				DEBUG_INFORMATION_FORMAT = dwarf;
				ENABLE_STRICT_OBJC_MSGSEND = YES;
				ENABLE_TESTABILITY = YES;
				GCC_C_LANGUAGE_STANDARD = gnu11;
				GCC_DYNAMIC_NO_PIC = NO;
				GCC_NO_COMMON_BLOCKS = YES;
				GCC_OPTIMIZATION_LEVEL = 0;
				GCC_PREPROCESSOR_DEFINITIONS = (
					"DEBUG=1",
					"$(inherited)",
				);
				GCC_WARN_64_TO_32_BIT_CONVERSION = YES;
				GCC_WARN_ABOUT_RETURN_TYPE = YES_ERROR;
				GCC_WARN_UNDECLARED_SELECTOR = YES;
				GCC_WARN_UNINITIALIZED_AUTOS = YES_AGGRESSIVE;
				GCC_WARN_UNUSED_FUNCTION = YES;
				GCC_WARN_UNUSED_VARIABLE = YES;
				IPHONEOS_DEPLOYMENT_TARGET = 14.4;
				MTL_ENABLE_DEBUG_INFO = INCLUDE_SOURCE;
				MTL_FAST_MATH = YES;
				ONLY_ACTIVE_ARCH = YES;
				SDKROOT = iphoneos;
				SWIFT_ACTIVE_COMPILATION_CONDITIONS = DEBUG;
				SWIFT_OPTIMIZATION_LEVEL = "-Onone";
			};
			name = Debug;
		};
		5ECF3242260568C1007EC2BB /* Release */ = {
			isa = XCBuildConfiguration;
			buildSettings = {
				ALWAYS_SEARCH_USER_PATHS = NO;
				CLANG_ANALYZER_NONNULL = YES;
				CLANG_ANALYZER_NUMBER_OBJECT_CONVERSION = YES_AGGRESSIVE;
				CLANG_CXX_LANGUAGE_STANDARD = "gnu++14";
				CLANG_CXX_LIBRARY = "libc++";
				CLANG_ENABLE_MODULES = YES;
				CLANG_ENABLE_OBJC_ARC = YES;
				CLANG_ENABLE_OBJC_WEAK = YES;
				CLANG_WARN_BLOCK_CAPTURE_AUTORELEASING = YES;
				CLANG_WARN_BOOL_CONVERSION = YES;
				CLANG_WARN_COMMA = YES;
				CLANG_WARN_CONSTANT_CONVERSION = YES;
				CLANG_WARN_DEPRECATED_OBJC_IMPLEMENTATIONS = YES;
				CLANG_WARN_DIRECT_OBJC_ISA_USAGE = YES_ERROR;
				CLANG_WARN_DOCUMENTATION_COMMENTS = YES;
				CLANG_WARN_EMPTY_BODY = YES;
				CLANG_WARN_ENUM_CONVERSION = YES;
				CLANG_WARN_INFINITE_RECURSION = YES;
				CLANG_WARN_INT_CONVERSION = YES;
				CLANG_WARN_NON_LITERAL_NULL_CONVERSION = YES;
				CLANG_WARN_OBJC_IMPLICIT_RETAIN_SELF = YES;
				CLANG_WARN_OBJC_LITERAL_CONVERSION = YES;
				CLANG_WARN_OBJC_ROOT_CLASS = YES_ERROR;
				CLANG_WARN_QUOTED_INCLUDE_IN_FRAMEWORK_HEADER = YES;
				CLANG_WARN_RANGE_LOOP_ANALYSIS = YES;
				CLANG_WARN_STRICT_PROTOTYPES = YES;
				CLANG_WARN_SUSPICIOUS_MOVE = YES;
				CLANG_WARN_UNGUARDED_AVAILABILITY = YES_AGGRESSIVE;
				CLANG_WARN_UNREACHABLE_CODE = YES;
				CLANG_WARN__DUPLICATE_METHOD_MATCH = YES;
				COPY_PHASE_STRIP = NO;
				DEBUG_INFORMATION_FORMAT = "dwarf-with-dsym";
				ENABLE_NS_ASSERTIONS = NO;
				ENABLE_STRICT_OBJC_MSGSEND = YES;
				GCC_C_LANGUAGE_STANDARD = gnu11;
				GCC_NO_COMMON_BLOCKS = YES;
				GCC_WARN_64_TO_32_BIT_CONVERSION = YES;
				GCC_WARN_ABOUT_RETURN_TYPE = YES_ERROR;
				GCC_WARN_UNDECLARED_SELECTOR = YES;
				GCC_WARN_UNINITIALIZED_AUTOS = YES_AGGRESSIVE;
				GCC_WARN_UNUSED_FUNCTION = YES;
				GCC_WARN_UNUSED_VARIABLE = YES;
				IPHONEOS_DEPLOYMENT_TARGET = 14.4;
				MTL_ENABLE_DEBUG_INFO = NO;
				MTL_FAST_MATH = YES;
				SDKROOT = iphoneos;
				SWIFT_COMPILATION_MODE = wholemodule;
				SWIFT_OPTIMIZATION_LEVEL = "-O";
				VALIDATE_PRODUCT = YES;
			};
			name = Release;
		};
		5ECF3244260568C1007EC2BB /* Debug */ = {
			isa = XCBuildConfiguration;
			baseConfigurationReference = 3608BE322C995DA0D8F34629 /* Pods-SkyEng.debug.xcconfig */;
			buildSettings = {
				ASSETCATALOG_COMPILER_APPICON_NAME = AppIcon;
				ASSETCATALOG_COMPILER_GLOBAL_ACCENT_COLOR_NAME = AccentColor;
				CODE_SIGN_STYLE = Automatic;
				DEVELOPMENT_TEAM = V6C9FSMZ98;
				INFOPLIST_FILE = SkyEng/Info.plist;
				IPHONEOS_DEPLOYMENT_TARGET = 13.0;
				LD_RUNPATH_SEARCH_PATHS = (
					"$(inherited)",
					"@executable_path/Frameworks",
				);
				PRODUCT_BUNDLE_IDENTIFIER = Chegoshev.Aleksander.SkyEng;
				PRODUCT_NAME = "$(TARGET_NAME)";
				SWIFT_VERSION = 5.0;
				TARGETED_DEVICE_FAMILY = "1,2";
			};
			name = Debug;
		};
		5ECF3245260568C1007EC2BB /* Release */ = {
			isa = XCBuildConfiguration;
			baseConfigurationReference = 2EE98A0B616D059C12F745A0 /* Pods-SkyEng.release.xcconfig */;
			buildSettings = {
				ASSETCATALOG_COMPILER_APPICON_NAME = AppIcon;
				ASSETCATALOG_COMPILER_GLOBAL_ACCENT_COLOR_NAME = AccentColor;
				CODE_SIGN_STYLE = Automatic;
				DEVELOPMENT_TEAM = V6C9FSMZ98;
				INFOPLIST_FILE = SkyEng/Info.plist;
				IPHONEOS_DEPLOYMENT_TARGET = 13.0;
				LD_RUNPATH_SEARCH_PATHS = (
					"$(inherited)",
					"@executable_path/Frameworks",
				);
				PRODUCT_BUNDLE_IDENTIFIER = Chegoshev.Aleksander.SkyEng;
				PRODUCT_NAME = "$(TARGET_NAME)";
				SWIFT_VERSION = 5.0;
				TARGETED_DEVICE_FAMILY = "1,2";
			};
			name = Release;
		};
/* End XCBuildConfiguration section */

/* Begin XCConfigurationList section */
		5ECF322A260568C0007EC2BB /* Build configuration list for PBXProject "SkyEng" */ = {
			isa = XCConfigurationList;
			buildConfigurations = (
				5ECF3241260568C1007EC2BB /* Debug */,
				5ECF3242260568C1007EC2BB /* Release */,
			);
			defaultConfigurationIsVisible = 0;
			defaultConfigurationName = Release;
		};
		5ECF3243260568C1007EC2BB /* Build configuration list for PBXNativeTarget "SkyEng" */ = {
			isa = XCConfigurationList;
			buildConfigurations = (
				5ECF3244260568C1007EC2BB /* Debug */,
				5ECF3245260568C1007EC2BB /* Release */,
			);
			defaultConfigurationIsVisible = 0;
			defaultConfigurationName = Release;
		};
/* End XCConfigurationList section */
	};
	rootObject = 5ECF3227260568C0007EC2BB /* Project object */;
}
