// !$*UTF8*$!
{
	archiveVersion = 1;
	classes = {
	};
	objectVersion = 51;
	objects = {

/* Begin PBXBuildFile section */
		0EC807E8075F48B2C297CB0B /* FeedRouterProtocol.swift in Sources */ = {isa = PBXBuildFile; fileRef = CBD1167B22319EE69342158C /* FeedRouterProtocol.swift */; };
		1BBE63F04F8557C954E7B388 /* FeedViewModelProtocol.swift in Sources */ = {isa = PBXBuildFile; fileRef = 60C91D0ACDB9BAFEB46BAF42 /* FeedViewModelProtocol.swift */; };
		1DA33AB56F1DBF29B049B80F /* FeedModel.swift in Sources */ = {isa = PBXBuildFile; fileRef = 83DD119BB2B3A2B36D8DF77C /* FeedModel.swift */; };
		485251ED62FEFF2823FB9CD5 /* FeedAssembly.swift in Sources */ = {isa = PBXBuildFile; fileRef = 842F92B9587D35DB06D6E6F2 /* FeedAssembly.swift */; };
		575181168367C85C17CAF440 /* FeedAssemblyProtocol.swift in Sources */ = {isa = PBXBuildFile; fileRef = 28BB1FF1984A25860BF3B04C /* FeedAssemblyProtocol.swift */; };
		58ACB34C32D9FD0CF7DF007E /* Pods_SkyEng.framework in Frameworks */ = {isa = PBXBuildFile; fileRef = CA198069719D9A81B48B9EF0 /* Pods_SkyEng.framework */; };
		5E13C0A42606C1E000240E69 /* WordsService.swift in Sources */ = {isa = PBXBuildFile; fileRef = 5E13C0A22606C1E000240E69 /* WordsService.swift */; };
		5E13C0A52606C1E000240E69 /* WordsServiceProtocol.swift in Sources */ = {isa = PBXBuildFile; fileRef = 5E13C0A32606C1E000240E69 /* WordsServiceProtocol.swift */; };
		5E13C0BC2606C58600240E69 /* Word.swift in Sources */ = {isa = PBXBuildFile; fileRef = 5E13C0BB2606C58600240E69 /* Word.swift */; };
		5E3817112607B34A00C36A82 /* Meaning.swift in Sources */ = {isa = PBXBuildFile; fileRef = 5E3817102607B34A00C36A82 /* Meaning.swift */; };
		5E85326826064EF5000658F2 /* Router.swift in Sources */ = {isa = PBXBuildFile; fileRef = 5E85326726064EF5000658F2 /* Router.swift */; };
		5E8533F226065B66000658F2 /* UIComponentsSDK.framework in Frameworks */ = {isa = PBXBuildFile; fileRef = 5E8533F126065B66000658F2 /* UIComponentsSDK.framework */; };
		5E8533F326065B66000658F2 /* UIComponentsSDK.framework in Embed Frameworks */ = {isa = PBXBuildFile; fileRef = 5E8533F126065B66000658F2 /* UIComponentsSDK.framework */; settings = {ATTRIBUTES = (CodeSignOnCopy, RemoveHeadersOnCopy, ); }; };
		5E853560260699D1000658F2 /* NetworkSDK.framework in Frameworks */ = {isa = PBXBuildFile; fileRef = 5E85355F260699D1000658F2 /* NetworkSDK.framework */; };
		5E853561260699D1000658F2 /* NetworkSDK.framework in Embed Frameworks */ = {isa = PBXBuildFile; fileRef = 5E85355F260699D1000658F2 /* NetworkSDK.framework */; settings = {ATTRIBUTES = (CodeSignOnCopy, RemoveHeadersOnCopy, ); }; };
		5E86F6B42606B19300E27727 /* ModuleAssembly.swift in Sources */ = {isa = PBXBuildFile; fileRef = 5E86F6B32606B19300E27727 /* ModuleAssembly.swift */; };
		5E86F6B72606B1AD00E27727 /* ServiceAssembly.swift in Sources */ = {isa = PBXBuildFile; fileRef = 5E86F6B62606B1AD00E27727 /* ServiceAssembly.swift */; };
		5ECF3233260568C0007EC2BB /* AppDelegate.swift in Sources */ = {isa = PBXBuildFile; fileRef = 5ECF3232260568C0007EC2BB /* AppDelegate.swift */; };
		5ECF323C260568C1007EC2BB /* Assets.xcassets in Resources */ = {isa = PBXBuildFile; fileRef = 5ECF323B260568C1007EC2BB /* Assets.xcassets */; };
		5ECF323F260568C1007EC2BB /* LaunchScreen.storyboard in Resources */ = {isa = PBXBuildFile; fileRef = 5ECF323D260568C1007EC2BB /* LaunchScreen.storyboard */; };
		5EF3A3BD2605771A00B240EC /* AppCoordinator.swift in Sources */ = {isa = PBXBuildFile; fileRef = 5EF3A3BC2605771A00B240EC /* AppCoordinator.swift */; };
		5EF3A3C9260578E100B240EC /* Assembler+Extention.swift in Sources */ = {isa = PBXBuildFile; fileRef = 5EF3A3C8260578E100B240EC /* Assembler+Extention.swift */; };
		5EF3A3F626064BA900B240EC /* SkyEngUnitTests.swift in Sources */ = {isa = PBXBuildFile; fileRef = 5EF3A3F526064BA900B240EC /* SkyEngUnitTests.swift */; };
		85E69D38CD6F7DD50A4CE31F /* FeedViewController.swift in Sources */ = {isa = PBXBuildFile; fileRef = 359A4F20A061A9CDCB222E1F /* FeedViewController.swift */; };
		91C2444AF6E925E275AD80DC /* FeedRouter.swift in Sources */ = {isa = PBXBuildFile; fileRef = 0D9590432A2632EAE53836B5 /* FeedRouter.swift */; };
		D29655FFF3E556DF882A58F0 /* FeedViewModel.swift in Sources */ = {isa = PBXBuildFile; fileRef = D8335D6CC728C826319F09DA /* FeedViewModel.swift */; };
		F071481ABEF747B978B82E26 /* FeedModelProtocol.swift in Sources */ = {isa = PBXBuildFile; fileRef = C5D963E7CC96601B765B5E5A /* FeedModelProtocol.swift */; };
/* End PBXBuildFile section */

/* Begin PBXContainerItemProxy section */
		5EF3A3F826064BA900B240EC /* PBXContainerItemProxy */ = {
			isa = PBXContainerItemProxy;
			containerPortal = 5ECF3227260568C0007EC2BB /* Project object */;
			proxyType = 1;
			remoteGlobalIDString = 5ECF322E260568C0007EC2BB;
			remoteInfo = SkyEng;
		};
/* End PBXContainerItemProxy section */

/* Begin PBXCopyFilesBuildPhase section */
		5E8533F426065B66000658F2 /* Embed Frameworks */ = {
			isa = PBXCopyFilesBuildPhase;
			buildActionMask = 2147483647;
			dstPath = "";
			dstSubfolderSpec = 10;
			files = (
				5E853561260699D1000658F2 /* NetworkSDK.framework in Embed Frameworks */,
				5E8533F326065B66000658F2 /* UIComponentsSDK.framework in Embed Frameworks */,
			);
			name = "Embed Frameworks";
			runOnlyForDeploymentPostprocessing = 0;
		};
/* End PBXCopyFilesBuildPhase section */

/* Begin PBXFileReference section */
		0D9590432A2632EAE53836B5 /* FeedRouter.swift */ = {isa = PBXFileReference; includeInIndex = 1; lastKnownFileType = sourcecode.swift; path = FeedRouter.swift; sourceTree = "<group>"; };
		28BB1FF1984A25860BF3B04C /* FeedAssemblyProtocol.swift */ = {isa = PBXFileReference; includeInIndex = 1; lastKnownFileType = sourcecode.swift; path = FeedAssemblyProtocol.swift; sourceTree = "<group>"; };
		2EE98A0B616D059C12F745A0 /* Pods-SkyEng.release.xcconfig */ = {isa = PBXFileReference; includeInIndex = 1; lastKnownFileType = text.xcconfig; name = "Pods-SkyEng.release.xcconfig"; path = "Target Support Files/Pods-SkyEng/Pods-SkyEng.release.xcconfig"; sourceTree = "<group>"; };
		359A4F20A061A9CDCB222E1F /* FeedViewController.swift */ = {isa = PBXFileReference; includeInIndex = 1; lastKnownFileType = sourcecode.swift; path = FeedViewController.swift; sourceTree = "<group>"; };
		3608BE322C995DA0D8F34629 /* Pods-SkyEng.debug.xcconfig */ = {isa = PBXFileReference; includeInIndex = 1; lastKnownFileType = text.xcconfig; name = "Pods-SkyEng.debug.xcconfig"; path = "Target Support Files/Pods-SkyEng/Pods-SkyEng.debug.xcconfig"; sourceTree = "<group>"; };
		5E13C0A22606C1E000240E69 /* WordsService.swift */ = {isa = PBXFileReference; lastKnownFileType = sourcecode.swift; path = WordsService.swift; sourceTree = "<group>"; };
		5E13C0A32606C1E000240E69 /* WordsServiceProtocol.swift */ = {isa = PBXFileReference; lastKnownFileType = sourcecode.swift; path = WordsServiceProtocol.swift; sourceTree = "<group>"; };
		5E13C0BB2606C58600240E69 /* Word.swift */ = {isa = PBXFileReference; lastKnownFileType = sourcecode.swift; path = Word.swift; sourceTree = "<group>"; };
		5E3817102607B34A00C36A82 /* Meaning.swift */ = {isa = PBXFileReference; lastKnownFileType = sourcecode.swift; path = Meaning.swift; sourceTree = "<group>"; };
		5E85326726064EF5000658F2 /* Router.swift */ = {isa = PBXFileReference; lastKnownFileType = sourcecode.swift; path = Router.swift; sourceTree = "<group>"; };
		5E85334226065458000658F2 /* UIComponentsSDK.framework */ = {isa = PBXFileReference; explicitFileType = wrapper.framework; path = UIComponentsSDK.framework; sourceTree = BUILT_PRODUCTS_DIR; };
		5E8533472606545C000658F2 /* NetworkSDK.framework */ = {isa = PBXFileReference; explicitFileType = wrapper.framework; path = NetworkSDK.framework; sourceTree = BUILT_PRODUCTS_DIR; };
		5E853387260657C9000658F2 /* UIComponentsSDK.framework */ = {isa = PBXFileReference; explicitFileType = wrapper.framework; path = UIComponentsSDK.framework; sourceTree = BUILT_PRODUCTS_DIR; };
		5E8533B3260658A0000658F2 /* UIComponentsSDK.framework */ = {isa = PBXFileReference; explicitFileType = wrapper.framework; path = UIComponentsSDK.framework; sourceTree = BUILT_PRODUCTS_DIR; };
		5E8533F126065B66000658F2 /* UIComponentsSDK.framework */ = {isa = PBXFileReference; explicitFileType = wrapper.framework; path = UIComponentsSDK.framework; sourceTree = BUILT_PRODUCTS_DIR; };
		5E85355F260699D1000658F2 /* NetworkSDK.framework */ = {isa = PBXFileReference; explicitFileType = wrapper.framework; path = NetworkSDK.framework; sourceTree = BUILT_PRODUCTS_DIR; };
		5E86F6B32606B19300E27727 /* ModuleAssembly.swift */ = {isa = PBXFileReference; lastKnownFileType = sourcecode.swift; path = ModuleAssembly.swift; sourceTree = "<group>"; };
		5E86F6B62606B1AD00E27727 /* ServiceAssembly.swift */ = {isa = PBXFileReference; lastKnownFileType = sourcecode.swift; path = ServiceAssembly.swift; sourceTree = "<group>"; };
		5ECF322F260568C0007EC2BB /* SkyEng.app */ = {isa = PBXFileReference; explicitFileType = wrapper.application; includeInIndex = 0; path = SkyEng.app; sourceTree = BUILT_PRODUCTS_DIR; };
		5ECF3232260568C0007EC2BB /* AppDelegate.swift */ = {isa = PBXFileReference; lastKnownFileType = sourcecode.swift; path = AppDelegate.swift; sourceTree = "<group>"; };
		5ECF323B260568C1007EC2BB /* Assets.xcassets */ = {isa = PBXFileReference; lastKnownFileType = folder.assetcatalog; path = Assets.xcassets; sourceTree = "<group>"; };
		5ECF323E260568C1007EC2BB /* Base */ = {isa = PBXFileReference; lastKnownFileType = file.storyboard; name = Base; path = Base.lproj/LaunchScreen.storyboard; sourceTree = "<group>"; };
		5ECF3240260568C1007EC2BB /* Info.plist */ = {isa = PBXFileReference; lastKnownFileType = text.plist.xml; path = Info.plist; sourceTree = "<group>"; };
		5EF3A3BC2605771A00B240EC /* AppCoordinator.swift */ = {isa = PBXFileReference; lastKnownFileType = sourcecode.swift; path = AppCoordinator.swift; sourceTree = "<group>"; };
		5EF3A3C8260578E100B240EC /* Assembler+Extention.swift */ = {isa = PBXFileReference; lastKnownFileType = sourcecode.swift; path = "Assembler+Extention.swift"; sourceTree = "<group>"; };
		5EF3A3F326064BA900B240EC /* SkyEngUnitTests.xctest */ = {isa = PBXFileReference; explicitFileType = wrapper.cfbundle; includeInIndex = 0; path = SkyEngUnitTests.xctest; sourceTree = BUILT_PRODUCTS_DIR; };
		5EF3A3F526064BA900B240EC /* SkyEngUnitTests.swift */ = {isa = PBXFileReference; lastKnownFileType = sourcecode.swift; path = SkyEngUnitTests.swift; sourceTree = "<group>"; };
		5EF3A3F726064BA900B240EC /* Info.plist */ = {isa = PBXFileReference; lastKnownFileType = text.plist.xml; name = Info.plist; path = ../../SkyEngUnitTests/Info.plist; sourceTree = "<group>"; };
		60C91D0ACDB9BAFEB46BAF42 /* FeedViewModelProtocol.swift */ = {isa = PBXFileReference; includeInIndex = 1; lastKnownFileType = sourcecode.swift; path = FeedViewModelProtocol.swift; sourceTree = "<group>"; };
		83DD119BB2B3A2B36D8DF77C /* FeedModel.swift */ = {isa = PBXFileReference; includeInIndex = 1; lastKnownFileType = sourcecode.swift; path = FeedModel.swift; sourceTree = "<group>"; };
		842F92B9587D35DB06D6E6F2 /* FeedAssembly.swift */ = {isa = PBXFileReference; includeInIndex = 1; lastKnownFileType = sourcecode.swift; path = FeedAssembly.swift; sourceTree = "<group>"; };
		C5D963E7CC96601B765B5E5A /* FeedModelProtocol.swift */ = {isa = PBXFileReference; includeInIndex = 1; lastKnownFileType = sourcecode.swift; path = FeedModelProtocol.swift; sourceTree = "<group>"; };
		CA198069719D9A81B48B9EF0 /* Pods_SkyEng.framework */ = {isa = PBXFileReference; explicitFileType = wrapper.framework; includeInIndex = 0; path = Pods_SkyEng.framework; sourceTree = BUILT_PRODUCTS_DIR; };
		CBD1167B22319EE69342158C /* FeedRouterProtocol.swift */ = {isa = PBXFileReference; includeInIndex = 1; lastKnownFileType = sourcecode.swift; path = FeedRouterProtocol.swift; sourceTree = "<group>"; };
		D8335D6CC728C826319F09DA /* FeedViewModel.swift */ = {isa = PBXFileReference; includeInIndex = 1; lastKnownFileType = sourcecode.swift; path = FeedViewModel.swift; sourceTree = "<group>"; };
/* End PBXFileReference section */

/* Begin PBXFrameworksBuildPhase section */
		5ECF322C260568C0007EC2BB /* Frameworks */ = {
			isa = PBXFrameworksBuildPhase;
			buildActionMask = 2147483647;
			files = (
				58ACB34C32D9FD0CF7DF007E /* Pods_SkyEng.framework in Frameworks */,
				5E853560260699D1000658F2 /* NetworkSDK.framework in Frameworks */,
				5E8533F226065B66000658F2 /* UIComponentsSDK.framework in Frameworks */,
			);
			runOnlyForDeploymentPostprocessing = 0;
		};
		5EF3A3F026064BA900B240EC /* Frameworks */ = {
			isa = PBXFrameworksBuildPhase;
			buildActionMask = 2147483647;
			files = (
			);
			runOnlyForDeploymentPostprocessing = 0;
		};
/* End PBXFrameworksBuildPhase section */

/* Begin PBXGroup section */
		07A95B3FA101B9438EDDD038 /* Feed */ = {
			isa = PBXGroup;
			children = (
				D624A06170115E97EA4B300F /* View */,
				4E1A30BE21055FEED266451D /* ViewModel */,
				8AC99306EF25B16CD1229226 /* Model */,
				91A5831567A2BAA040552754 /* Assembler */,
				78DAF16AB60D3ED79DDD2C3C /* Router */,
			);
			path = Feed;
			sourceTree = "<group>";
		};
		4E1A30BE21055FEED266451D /* ViewModel */ = {
			isa = PBXGroup;
			children = (
				60C91D0ACDB9BAFEB46BAF42 /* FeedViewModelProtocol.swift */,
				D8335D6CC728C826319F09DA /* FeedViewModel.swift */,
			);
			path = ViewModel;
			sourceTree = "<group>";
		};
		5E13C0A02606C18500240E69 /* Services */ = {
			isa = PBXGroup;
			children = (
				5E13C0A12606C19B00240E69 /* Words */,
			);
			path = Services;
			sourceTree = "<group>";
		};
		5E13C0A12606C19B00240E69 /* Words */ = {
			isa = PBXGroup;
			children = (
				5E13C0A22606C1E000240E69 /* WordsService.swift */,
				5E13C0A32606C1E000240E69 /* WordsServiceProtocol.swift */,
			);
			path = Words;
			sourceTree = "<group>";
		};
		5E13C0BA2606C56F00240E69 /* Entities */ = {
			isa = PBXGroup;
			children = (
				5E13C0BF2606C58C00240E69 /* Word */,
			);
			path = Entities;
			sourceTree = "<group>";
		};
		5E13C0BF2606C58C00240E69 /* Word */ = {
			isa = PBXGroup;
			children = (
				5E13C0BB2606C58600240E69 /* Word.swift */,
				5E3817102607B34A00C36A82 /* Meaning.swift */,
			);
			path = Word;
			sourceTree = "<group>";
		};
		5E85326626064EEF000658F2 /* Router */ = {
			isa = PBXGroup;
			children = (
				5E85326726064EF5000658F2 /* Router.swift */,
			);
			path = Router;
			sourceTree = "<group>";
		};
		5ECF3226260568C0007EC2BB = {
			isa = PBXGroup;
			children = (
				5ECF3231260568C0007EC2BB /* SkyEng */,
				5EF3A3F426064BA900B240EC /* SkyEngUnitTests */,
				5ECF3230260568C0007EC2BB /* Products */,
				78A5A8835CEDF4A883F92494 /* Pods */,
				E343E4D6321508B9DD37D549 /* Frameworks */,
			);
			sourceTree = "<group>";
		};
		5ECF3230260568C0007EC2BB /* Products */ = {
			isa = PBXGroup;
			children = (
				5ECF322F260568C0007EC2BB /* SkyEng.app */,
				5EF3A3F326064BA900B240EC /* SkyEngUnitTests.xctest */,
			);
			name = Products;
			sourceTree = "<group>";
		};
		5ECF3231260568C0007EC2BB /* SkyEng */ = {
			isa = PBXGroup;
			children = (
				5E13C0BA2606C56F00240E69 /* Entities */,
				5EF3A3C3260578B800B240EC /* App */,
				5EF3A3C5260578C300B240EC /* Assembly */,
				7FC831BBFF9C96B52F5590CA /* Modules */,
				5E13C0A02606C18500240E69 /* Services */,
				5E85326626064EEF000658F2 /* Router */,
				5EF3A3C02605781E00B240EC /* Support Files */,
			);
			path = SkyEng;
			sourceTree = "<group>";
		};
		5EF3A3C02605781E00B240EC /* Support Files */ = {
			isa = PBXGroup;
			children = (
				5EF3A3F726064BA900B240EC /* Info.plist */,
				5ECF323B260568C1007EC2BB /* Assets.xcassets */,
				5ECF323D260568C1007EC2BB /* LaunchScreen.storyboard */,
				5ECF3240260568C1007EC2BB /* Info.plist */,
			);
			path = "Support Files";
			sourceTree = "<group>";
		};
		5EF3A3C3260578B800B240EC /* App */ = {
			isa = PBXGroup;
			children = (
				5ECF3232260568C0007EC2BB /* AppDelegate.swift */,
				5EF3A3BC2605771A00B240EC /* AppCoordinator.swift */,
			);
			path = App;
			sourceTree = "<group>";
		};
		5EF3A3C5260578C300B240EC /* Assembly */ = {
			isa = PBXGroup;
			children = (
				5EF3A3C8260578E100B240EC /* Assembler+Extention.swift */,
				5E86F6B62606B1AD00E27727 /* ServiceAssembly.swift */,
				5E86F6B32606B19300E27727 /* ModuleAssembly.swift */,
			);
			path = Assembly;
			sourceTree = "<group>";
		};
		5EF3A3F426064BA900B240EC /* SkyEngUnitTests */ = {
			isa = PBXGroup;
			children = (
				5EF3A3F526064BA900B240EC /* SkyEngUnitTests.swift */,
			);
			path = SkyEngUnitTests;
			sourceTree = "<group>";
		};
		78A5A8835CEDF4A883F92494 /* Pods */ = {
			isa = PBXGroup;
			children = (
				3608BE322C995DA0D8F34629 /* Pods-SkyEng.debug.xcconfig */,
				2EE98A0B616D059C12F745A0 /* Pods-SkyEng.release.xcconfig */,
			);
			path = Pods;
			sourceTree = "<group>";
		};
		78DAF16AB60D3ED79DDD2C3C /* Router */ = {
			isa = PBXGroup;
			children = (
				CBD1167B22319EE69342158C /* FeedRouterProtocol.swift */,
				0D9590432A2632EAE53836B5 /* FeedRouter.swift */,
			);
			path = Router;
			sourceTree = "<group>";
		};
		7FC831BBFF9C96B52F5590CA /* Modules */ = {
			isa = PBXGroup;
			children = (
				07A95B3FA101B9438EDDD038 /* Feed */,
			);
			path = Modules;
			sourceTree = "<group>";
		};
		8AC99306EF25B16CD1229226 /* Model */ = {
			isa = PBXGroup;
			children = (
				C5D963E7CC96601B765B5E5A /* FeedModelProtocol.swift */,
				83DD119BB2B3A2B36D8DF77C /* FeedModel.swift */,
			);
			path = Model;
			sourceTree = "<group>";
		};
		91A5831567A2BAA040552754 /* Assembler */ = {
			isa = PBXGroup;
			children = (
				28BB1FF1984A25860BF3B04C /* FeedAssemblyProtocol.swift */,
				842F92B9587D35DB06D6E6F2 /* FeedAssembly.swift */,
			);
			path = Assembler;
			sourceTree = "<group>";
		};
		D624A06170115E97EA4B300F /* View */ = {
			isa = PBXGroup;
			children = (
				359A4F20A061A9CDCB222E1F /* FeedViewController.swift */,
			);
			path = View;
			sourceTree = "<group>";
		};
		E343E4D6321508B9DD37D549 /* Frameworks */ = {
			isa = PBXGroup;
			children = (
				5E85355F260699D1000658F2 /* NetworkSDK.framework */,
				5E8533F126065B66000658F2 /* UIComponentsSDK.framework */,
				5E8533B3260658A0000658F2 /* UIComponentsSDK.framework */,
				5E853387260657C9000658F2 /* UIComponentsSDK.framework */,
				5E8533472606545C000658F2 /* NetworkSDK.framework */,
				5E85334226065458000658F2 /* UIComponentsSDK.framework */,
				CA198069719D9A81B48B9EF0 /* Pods_SkyEng.framework */,
			);
			name = Frameworks;
			sourceTree = "<group>";
		};
/* End PBXGroup section */

/* Begin PBXNativeTarget section */
		5ECF322E260568C0007EC2BB /* SkyEng */ = {
			isa = PBXNativeTarget;
			buildConfigurationList = 5ECF3243260568C1007EC2BB /* Build configuration list for PBXNativeTarget "SkyEng" */;
			buildPhases = (
				AC6E9F4E1E4AB0C8D786DBF2 /* [CP] Check Pods Manifest.lock */,
				5ECF322B260568C0007EC2BB /* Sources */,
				5ECF322C260568C0007EC2BB /* Frameworks */,
				5ECF322D260568C0007EC2BB /* Resources */,
				E101C05892A9332824D1325E /* [CP] Embed Pods Frameworks */,
				5E8533F426065B66000658F2 /* Embed Frameworks */,
				5E85342026065DD0000658F2 /* SwiftLint */,
			);
			buildRules = (
			);
			dependencies = (
			);
			name = SkyEng;
			productName = SkyEng;
			productReference = 5ECF322F260568C0007EC2BB /* SkyEng.app */;
			productType = "com.apple.product-type.application";
		};
		5EF3A3F226064BA900B240EC /* SkyEngUnitTests */ = {
			isa = PBXNativeTarget;
			buildConfigurationList = 5EF3A3FA26064BA900B240EC /* Build configuration list for PBXNativeTarget "SkyEngUnitTests" */;
			buildPhases = (
				5EF3A3EF26064BA900B240EC /* Sources */,
				5EF3A3F026064BA900B240EC /* Frameworks */,
				5EF3A3F126064BA900B240EC /* Resources */,
			);
			buildRules = (
			);
			dependencies = (
				5EF3A3F926064BA900B240EC /* PBXTargetDependency */,
			);
			name = SkyEngUnitTests;
			productName = SkyEngUnitTests;
			productReference = 5EF3A3F326064BA900B240EC /* SkyEngUnitTests.xctest */;
			productType = "com.apple.product-type.bundle.unit-test";
		};
/* End PBXNativeTarget section */

/* Begin PBXProject section */
		5ECF3227260568C0007EC2BB /* Project object */ = {
			isa = PBXProject;
			attributes = {
				LastSwiftUpdateCheck = 1240;
				LastUpgradeCheck = 1240;
				ORGANIZATIONNAME = SkyEng;
				TargetAttributes = {
					5ECF322E260568C0007EC2BB = {
						CreatedOnToolsVersion = 12.4;
					};
					5EF3A3F226064BA900B240EC = {
						CreatedOnToolsVersion = 12.4;
						TestTargetID = 5ECF322E260568C0007EC2BB;
					};
				};
			};
			buildConfigurationList = 5ECF322A260568C0007EC2BB /* Build configuration list for PBXProject "SkyEng" */;
			compatibilityVersion = "Xcode 9.3";
			developmentRegion = en;
			hasScannedForEncodings = 0;
			knownRegions = (
				en,
				Base,
			);
			mainGroup = 5ECF3226260568C0007EC2BB;
			productRefGroup = 5ECF3230260568C0007EC2BB /* Products */;
			projectDirPath = "";
			projectRoot = "";
			targets = (
				5ECF322E260568C0007EC2BB /* SkyEng */,
				5EF3A3F226064BA900B240EC /* SkyEngUnitTests */,
			);
		};
/* End PBXProject section */

/* Begin PBXResourcesBuildPhase section */
		5ECF322D260568C0007EC2BB /* Resources */ = {
			isa = PBXResourcesBuildPhase;
			buildActionMask = 2147483647;
			files = (
				5ECF323F260568C1007EC2BB /* LaunchScreen.storyboard in Resources */,
				5ECF323C260568C1007EC2BB /* Assets.xcassets in Resources */,
			);
			runOnlyForDeploymentPostprocessing = 0;
		};
		5EF3A3F126064BA900B240EC /* Resources */ = {
			isa = PBXResourcesBuildPhase;
			buildActionMask = 2147483647;
			files = (
			);
			runOnlyForDeploymentPostprocessing = 0;
		};
/* End PBXResourcesBuildPhase section */

/* Begin PBXShellScriptBuildPhase section */
		5E85342026065DD0000658F2 /* SwiftLint */ = {
			isa = PBXShellScriptBuildPhase;
			buildActionMask = 2147483647;
			files = (
			);
			inputFileListPaths = (
			);
			inputPaths = (
			);
			name = SwiftLint;
			outputFileListPaths = (
			);
			outputPaths = (
			);
			runOnlyForDeploymentPostprocessing = 0;
			shellPath = /bin/sh;
			shellScript = "if which swiftlint >/dev/null; then\n   \"${PODS_ROOT}/SwiftLint/swiftlint\" --autocorrect\nelse\n  echo \"warning: SwiftLint not installed, download from https://github.com/realm/SwiftLint\"\nfi\n";
		};
		AC6E9F4E1E4AB0C8D786DBF2 /* [CP] Check Pods Manifest.lock */ = {
			isa = PBXShellScriptBuildPhase;
			buildActionMask = 2147483647;
			files = (
			);
			inputFileListPaths = (
			);
			inputPaths = (
				"${PODS_PODFILE_DIR_PATH}/Podfile.lock",
				"${PODS_ROOT}/Manifest.lock",
			);
			name = "[CP] Check Pods Manifest.lock";
			outputFileListPaths = (
			);
			outputPaths = (
				"$(DERIVED_FILE_DIR)/Pods-SkyEng-checkManifestLockResult.txt",
			);
			runOnlyForDeploymentPostprocessing = 0;
			shellPath = /bin/sh;
			shellScript = "diff \"${PODS_PODFILE_DIR_PATH}/Podfile.lock\" \"${PODS_ROOT}/Manifest.lock\" > /dev/null\nif [ $? != 0 ] ; then\n    # print error to STDERR\n    echo \"error: The sandbox is not in sync with the Podfile.lock. Run 'pod install' or update your CocoaPods installation.\" >&2\n    exit 1\nfi\n# This output is used by Xcode 'outputs' to avoid re-running this script phase.\necho \"SUCCESS\" > \"${SCRIPT_OUTPUT_FILE_0}\"\n";
			showEnvVarsInLog = 0;
		};
		E101C05892A9332824D1325E /* [CP] Embed Pods Frameworks */ = {
			isa = PBXShellScriptBuildPhase;
			buildActionMask = 2147483647;
			files = (
			);
			inputFileListPaths = (
				"${PODS_ROOT}/Target Support Files/Pods-SkyEng/Pods-SkyEng-frameworks-${CONFIGURATION}-input-files.xcfilelist",
			);
			name = "[CP] Embed Pods Frameworks";
			outputFileListPaths = (
				"${PODS_ROOT}/Target Support Files/Pods-SkyEng/Pods-SkyEng-frameworks-${CONFIGURATION}-output-files.xcfilelist",
			);
			runOnlyForDeploymentPostprocessing = 0;
			shellPath = /bin/sh;
			shellScript = "\"${PODS_ROOT}/Target Support Files/Pods-SkyEng/Pods-SkyEng-frameworks.sh\"\n";
			showEnvVarsInLog = 0;
		};
/* End PBXShellScriptBuildPhase section */

/* Begin PBXSourcesBuildPhase section */
		5ECF322B260568C0007EC2BB /* Sources */ = {
			isa = PBXSourcesBuildPhase;
			buildActionMask = 2147483647;
			files = (
				5EF3A3BD2605771A00B240EC /* AppCoordinator.swift in Sources */,
				5ECF3233260568C0007EC2BB /* AppDelegate.swift in Sources */,
				5EF3A3C9260578E100B240EC /* Assembler+Extention.swift in Sources */,
				5E86F6B72606B1AD00E27727 /* ServiceAssembly.swift in Sources */,
				5E85326826064EF5000658F2 /* Router.swift in Sources */,
				5E86F6B42606B19300E27727 /* ModuleAssembly.swift in Sources */,
				85E69D38CD6F7DD50A4CE31F /* FeedViewController.swift in Sources */,
				1BBE63F04F8557C954E7B388 /* FeedViewModelProtocol.swift in Sources */,
				5E13C0A52606C1E000240E69 /* WordsServiceProtocol.swift in Sources */,
				D29655FFF3E556DF882A58F0 /* FeedViewModel.swift in Sources */,
				F071481ABEF747B978B82E26 /* FeedModelProtocol.swift in Sources */,
				5E13C0BC2606C58600240E69 /* Word.swift in Sources */,
				1DA33AB56F1DBF29B049B80F /* FeedModel.swift in Sources */,
				575181168367C85C17CAF440 /* FeedAssemblyProtocol.swift in Sources */,
				485251ED62FEFF2823FB9CD5 /* FeedAssembly.swift in Sources */,
				5E13C0A42606C1E000240E69 /* WordsService.swift in Sources */,
				5E3817112607B34A00C36A82 /* Meaning.swift in Sources */,
				0EC807E8075F48B2C297CB0B /* FeedRouterProtocol.swift in Sources */,
				91C2444AF6E925E275AD80DC /* FeedRouter.swift in Sources */,
			);
			runOnlyForDeploymentPostprocessing = 0;
		};
		5EF3A3EF26064BA900B240EC /* Sources */ = {
			isa = PBXSourcesBuildPhase;
			buildActionMask = 2147483647;
			files = (
				5EF3A3F626064BA900B240EC /* SkyEngUnitTests.swift in Sources */,
			);
			runOnlyForDeploymentPostprocessing = 0;
		};
/* End PBXSourcesBuildPhase section */

/* Begin PBXTargetDependency section */
		5EF3A3F926064BA900B240EC /* PBXTargetDependency */ = {
			isa = PBXTargetDependency;
			target = 5ECF322E260568C0007EC2BB /* SkyEng */;
			targetProxy = 5EF3A3F826064BA900B240EC /* PBXContainerItemProxy */;
		};
/* End PBXTargetDependency section */

/* Begin PBXVariantGroup section */
		5ECF323D260568C1007EC2BB /* LaunchScreen.storyboard */ = {
			isa = PBXVariantGroup;
			children = (
				5ECF323E260568C1007EC2BB /* Base */,
			);
			name = LaunchScreen.storyboard;
			sourceTree = "<group>";
		};
/* End PBXVariantGroup section */

/* Begin XCBuildConfiguration section */
		5ECF3241260568C1007EC2BB /* Debug */ = {
			isa = XCBuildConfiguration;
			buildSettings = {
				ALWAYS_SEARCH_USER_PATHS = NO;
				CLANG_ANALYZER_NONNULL = YES;
				CLANG_ANALYZER_NUMBER_OBJECT_CONVERSION = YES_AGGRESSIVE;
				CLANG_CXX_LANGUAGE_STANDARD = "gnu++14";
				CLANG_CXX_LIBRARY = "libc++";
				CLANG_ENABLE_MODULES = YES;
				CLANG_ENABLE_OBJC_ARC = YES;
				CLANG_ENABLE_OBJC_WEAK = YES;
				CLANG_WARN_BLOCK_CAPTURE_AUTORELEASING = YES;
				CLANG_WARN_BOOL_CONVERSION = YES;
				CLANG_WARN_COMMA = YES;
				CLANG_WARN_CONSTANT_CONVERSION = YES;
				CLANG_WARN_DEPRECATED_OBJC_IMPLEMENTATIONS = YES;
				CLANG_WARN_DIRECT_OBJC_ISA_USAGE = YES_ERROR;
				CLANG_WARN_DOCUMENTATION_COMMENTS = YES;
				CLANG_WARN_EMPTY_BODY = YES;
				CLANG_WARN_ENUM_CONVERSION = YES;
				CLANG_WARN_INFINITE_RECURSION = YES;
				CLANG_WARN_INT_CONVERSION = YES;
				CLANG_WARN_NON_LITERAL_NULL_CONVERSION = YES;
				CLANG_WARN_OBJC_IMPLICIT_RETAIN_SELF = YES;
				CLANG_WARN_OBJC_LITERAL_CONVERSION = YES;
				CLANG_WARN_OBJC_ROOT_CLASS = YES_ERROR;
				CLANG_WARN_QUOTED_INCLUDE_IN_FRAMEWORK_HEADER = YES;
				CLANG_WARN_RANGE_LOOP_ANALYSIS = YES;
				CLANG_WARN_STRICT_PROTOTYPES = YES;
				CLANG_WARN_SUSPICIOUS_MOVE = YES;
				CLANG_WARN_UNGUARDED_AVAILABILITY = YES_AGGRESSIVE;
				CLANG_WARN_UNREACHABLE_CODE = YES;
				CLANG_WARN__DUPLICATE_METHOD_MATCH = YES;
				COPY_PHASE_STRIP = NO;
				DEBUG_INFORMATION_FORMAT = dwarf;
				ENABLE_STRICT_OBJC_MSGSEND = YES;
				ENABLE_TESTABILITY = YES;
				GCC_C_LANGUAGE_STANDARD = gnu11;
				GCC_DYNAMIC_NO_PIC = NO;
				GCC_NO_COMMON_BLOCKS = YES;
				GCC_OPTIMIZATION_LEVEL = 0;
				GCC_PREPROCESSOR_DEFINITIONS = (
					"DEBUG=1",
					"$(inherited)",
				);
				GCC_WARN_64_TO_32_BIT_CONVERSION = YES;
				GCC_WARN_ABOUT_RETURN_TYPE = YES_ERROR;
				GCC_WARN_UNDECLARED_SELECTOR = YES;
				GCC_WARN_UNINITIALIZED_AUTOS = YES_AGGRESSIVE;
				GCC_WARN_UNUSED_FUNCTION = YES;
				GCC_WARN_UNUSED_VARIABLE = YES;
				IPHONEOS_DEPLOYMENT_TARGET = 11.0;
				MTL_ENABLE_DEBUG_INFO = INCLUDE_SOURCE;
				MTL_FAST_MATH = YES;
				ONLY_ACTIVE_ARCH = YES;
				SDKROOT = iphoneos;
				SWIFT_ACTIVE_COMPILATION_CONDITIONS = DEBUG;
				SWIFT_OPTIMIZATION_LEVEL = "-Onone";
			};
			name = Debug;
		};
		5ECF3242260568C1007EC2BB /* Release */ = {
			isa = XCBuildConfiguration;
			buildSettings = {
				ALWAYS_SEARCH_USER_PATHS = NO;
				CLANG_ANALYZER_NONNULL = YES;
				CLANG_ANALYZER_NUMBER_OBJECT_CONVERSION = YES_AGGRESSIVE;
				CLANG_CXX_LANGUAGE_STANDARD = "gnu++14";
				CLANG_CXX_LIBRARY = "libc++";
				CLANG_ENABLE_MODULES = YES;
				CLANG_ENABLE_OBJC_ARC = YES;
				CLANG_ENABLE_OBJC_WEAK = YES;
				CLANG_WARN_BLOCK_CAPTURE_AUTORELEASING = YES;
				CLANG_WARN_BOOL_CONVERSION = YES;
				CLANG_WARN_COMMA = YES;
				CLANG_WARN_CONSTANT_CONVERSION = YES;
				CLANG_WARN_DEPRECATED_OBJC_IMPLEMENTATIONS = YES;
				CLANG_WARN_DIRECT_OBJC_ISA_USAGE = YES_ERROR;
				CLANG_WARN_DOCUMENTATION_COMMENTS = YES;
				CLANG_WARN_EMPTY_BODY = YES;
				CLANG_WARN_ENUM_CONVERSION = YES;
				CLANG_WARN_INFINITE_RECURSION = YES;
				CLANG_WARN_INT_CONVERSION = YES;
				CLANG_WARN_NON_LITERAL_NULL_CONVERSION = YES;
				CLANG_WARN_OBJC_IMPLICIT_RETAIN_SELF = YES;
				CLANG_WARN_OBJC_LITERAL_CONVERSION = YES;
				CLANG_WARN_OBJC_ROOT_CLASS = YES_ERROR;
				CLANG_WARN_QUOTED_INCLUDE_IN_FRAMEWORK_HEADER = YES;
				CLANG_WARN_RANGE_LOOP_ANALYSIS = YES;
				CLANG_WARN_STRICT_PROTOTYPES = YES;
				CLANG_WARN_SUSPICIOUS_MOVE = YES;
				CLANG_WARN_UNGUARDED_AVAILABILITY = YES_AGGRESSIVE;
				CLANG_WARN_UNREACHABLE_CODE = YES;
				CLANG_WARN__DUPLICATE_METHOD_MATCH = YES;
				COPY_PHASE_STRIP = NO;
				DEBUG_INFORMATION_FORMAT = "dwarf-with-dsym";
				ENABLE_NS_ASSERTIONS = NO;
				ENABLE_STRICT_OBJC_MSGSEND = YES;
				GCC_C_LANGUAGE_STANDARD = gnu11;
				GCC_NO_COMMON_BLOCKS = YES;
				GCC_WARN_64_TO_32_BIT_CONVERSION = YES;
				GCC_WARN_ABOUT_RETURN_TYPE = YES_ERROR;
				GCC_WARN_UNDECLARED_SELECTOR = YES;
				GCC_WARN_UNINITIALIZED_AUTOS = YES_AGGRESSIVE;
				GCC_WARN_UNUSED_FUNCTION = YES;
				GCC_WARN_UNUSED_VARIABLE = YES;
				IPHONEOS_DEPLOYMENT_TARGET = 11.0;
				MTL_ENABLE_DEBUG_INFO = NO;
				MTL_FAST_MATH = YES;
				SDKROOT = iphoneos;
				SWIFT_COMPILATION_MODE = wholemodule;
				SWIFT_OPTIMIZATION_LEVEL = "-O";
				VALIDATE_PRODUCT = YES;
			};
			name = Release;
		};
		5ECF3244260568C1007EC2BB /* Debug */ = {
			isa = XCBuildConfiguration;
			baseConfigurationReference = 3608BE322C995DA0D8F34629 /* Pods-SkyEng.debug.xcconfig */;
			buildSettings = {
				ASSETCATALOG_COMPILER_APPICON_NAME = AppIcon;
				ASSETCATALOG_COMPILER_GLOBAL_ACCENT_COLOR_NAME = AccentColor;
				CODE_SIGN_STYLE = Automatic;
				DEVELOPMENT_TEAM = V6C9FSMZ98;
				INFOPLIST_FILE = "SkyEng/Support Files/Info.plist";
				IPHONEOS_DEPLOYMENT_TARGET = 11.0;
				LD_RUNPATH_SEARCH_PATHS = (
					"$(inherited)",
					"@executable_path/Frameworks",
				);
				OTHER_LDFLAGS = "";
				PRODUCT_BUNDLE_IDENTIFIER = Chegoshev.Aleksander.SkyEng;
				PRODUCT_NAME = "$(TARGET_NAME)";
				SWIFT_VERSION = 5.0;
				TARGETED_DEVICE_FAMILY = "1,2";
			};
			name = Debug;
		};
		5ECF3245260568C1007EC2BB /* Release */ = {
			isa = XCBuildConfiguration;
			baseConfigurationReference = 2EE98A0B616D059C12F745A0 /* Pods-SkyEng.release.xcconfig */;
			buildSettings = {
				ASSETCATALOG_COMPILER_APPICON_NAME = AppIcon;
				ASSETCATALOG_COMPILER_GLOBAL_ACCENT_COLOR_NAME = AccentColor;
				CODE_SIGN_STYLE = Automatic;
				DEVELOPMENT_TEAM = V6C9FSMZ98;
				INFOPLIST_FILE = "SkyEng/Support Files/Info.plist";
				IPHONEOS_DEPLOYMENT_TARGET = 11.0;
				LD_RUNPATH_SEARCH_PATHS = (
					"$(inherited)",
					"@executable_path/Frameworks",
				);
				OTHER_LDFLAGS = "";
				PRODUCT_BUNDLE_IDENTIFIER = Chegoshev.Aleksander.SkyEng;
				PRODUCT_NAME = "$(TARGET_NAME)";
				SWIFT_VERSION = 5.0;
				TARGETED_DEVICE_FAMILY = "1,2";
			};
			name = Release;
		};
		5EF3A3FB26064BA900B240EC /* Debug */ = {
			isa = XCBuildConfiguration;
			buildSettings = {
				BUNDLE_LOADER = "$(TEST_HOST)";
				CODE_SIGN_STYLE = Automatic;
				DEVELOPMENT_TEAM = V6C9FSMZ98;
				INFOPLIST_FILE = SkyEngUnitTests/Info.plist;
				IPHONEOS_DEPLOYMENT_TARGET = 14.4;
				LD_RUNPATH_SEARCH_PATHS = (
					"$(inherited)",
					"@executable_path/Frameworks",
					"@loader_path/Frameworks",
				);
				PRODUCT_BUNDLE_IDENTIFIER = Chegoshev.Aleksander.SkyEngUnitTests;
				PRODUCT_NAME = "$(TARGET_NAME)";
				SWIFT_VERSION = 5.0;
				TARGETED_DEVICE_FAMILY = "1,2";
				TEST_HOST = "$(BUILT_PRODUCTS_DIR)/SkyEng.app/SkyEng";
			};
			name = Debug;
		};
		5EF3A3FC26064BA900B240EC /* Release */ = {
			isa = XCBuildConfiguration;
			buildSettings = {
				BUNDLE_LOADER = "$(TEST_HOST)";
				CODE_SIGN_STYLE = Automatic;
				DEVELOPMENT_TEAM = V6C9FSMZ98;
				INFOPLIST_FILE = SkyEngUnitTests/Info.plist;
				IPHONEOS_DEPLOYMENT_TARGET = 14.4;
				LD_RUNPATH_SEARCH_PATHS = (
					"$(inherited)",
					"@executable_path/Frameworks",
					"@loader_path/Frameworks",
				);
				PRODUCT_BUNDLE_IDENTIFIER = Chegoshev.Aleksander.SkyEngUnitTests;
				PRODUCT_NAME = "$(TARGET_NAME)";
				SWIFT_VERSION = 5.0;
				TARGETED_DEVICE_FAMILY = "1,2";
				TEST_HOST = "$(BUILT_PRODUCTS_DIR)/SkyEng.app/SkyEng";
			};
			name = Release;
		};
/* End XCBuildConfiguration section */

/* Begin XCConfigurationList section */
		5ECF322A260568C0007EC2BB /* Build configuration list for PBXProject "SkyEng" */ = {
			isa = XCConfigurationList;
			buildConfigurations = (
				5ECF3241260568C1007EC2BB /* Debug */,
				5ECF3242260568C1007EC2BB /* Release */,
			);
			defaultConfigurationIsVisible = 0;
			defaultConfigurationName = Release;
		};
		5ECF3243260568C1007EC2BB /* Build configuration list for PBXNativeTarget "SkyEng" */ = {
			isa = XCConfigurationList;
			buildConfigurations = (
				5ECF3244260568C1007EC2BB /* Debug */,
				5ECF3245260568C1007EC2BB /* Release */,
			);
			defaultConfigurationIsVisible = 0;
			defaultConfigurationName = Release;
		};
		5EF3A3FA26064BA900B240EC /* Build configuration list for PBXNativeTarget "SkyEngUnitTests" */ = {
			isa = XCConfigurationList;
			buildConfigurations = (
				5EF3A3FB26064BA900B240EC /* Debug */,
				5EF3A3FC26064BA900B240EC /* Release */,
			);
			defaultConfigurationIsVisible = 0;
			defaultConfigurationName = Release;
		};
/* End XCConfigurationList section */
	};
	rootObject = 5ECF3227260568C0007EC2BB /* Project object */;
}
